// !$*UTF8*$!
{
	archiveVersion = 1;
	classes = {
	};
	objectVersion = 51;
	objects = {

/* Begin PBXBuildFile section */
		77DBD8141FDEB08B008F110F /* BMLTiOSLib.framework in Frameworks */ = {isa = PBXBuildFile; fileRef = 77DBD7981FDEAEEB008F110F /* BMLTiOSLib.framework */; };
		77DBD8151FDEB08B008F110F /* BMLTiOSLib.framework in Embed Frameworks */ = {isa = PBXBuildFile; fileRef = 77DBD7981FDEAEEB008F110F /* BMLTiOSLib.framework */; settings = {ATTRIBUTES = (CodeSignOnCopy, RemoveHeadersOnCopy, ); }; };
		D4131A0C24D5AC8D002A1520 /* BMLTiOSLibServiceBodyContainer.swift in Sources */ = {isa = PBXBuildFile; fileRef = D41319FD24D5AC8D002A1520 /* BMLTiOSLibServiceBodyContainer.swift */; };
		D4131A0D24D5AC8D002A1520 /* BMLTiOSLibChangedMeeting.swift in Sources */ = {isa = PBXBuildFile; fileRef = D41319FE24D5AC8D002A1520 /* BMLTiOSLibChangedMeeting.swift */; };
		D4131A0E24D5AC8D002A1520 /* BMLTiOSLibHierarchicalServiceBodyNode.swift in Sources */ = {isa = PBXBuildFile; fileRef = D41319FF24D5AC8D002A1520 /* BMLTiOSLibHierarchicalServiceBodyNode.swift */; };
		D4131A0F24D5AC8D002A1520 /* BMLTiOSLibChangeNode.swift in Sources */ = {isa = PBXBuildFile; fileRef = D4131A0024D5AC8D002A1520 /* BMLTiOSLibChangeNode.swift */; };
		D4131A1024D5AC8D002A1520 /* BMLTiOSLibFormatNode.swift in Sources */ = {isa = PBXBuildFile; fileRef = D4131A0124D5AC8D002A1520 /* BMLTiOSLibFormatNode.swift */; };
		D4131A1124D5AC8D002A1520 /* BMLTiOSLibMeetingNode.swift in Sources */ = {isa = PBXBuildFile; fileRef = D4131A0224D5AC8D002A1520 /* BMLTiOSLibMeetingNode.swift */; };
		D4131A1224D5AC8D002A1520 /* BMLTiOSLibServerInfo.swift in Sources */ = {isa = PBXBuildFile; fileRef = D4131A0324D5AC8D002A1520 /* BMLTiOSLibServerInfo.swift */; };
		D4131A1324D5AC8D002A1520 /* BMLTiOSLibFormatContainer.swift in Sources */ = {isa = PBXBuildFile; fileRef = D4131A0424D5AC8D002A1520 /* BMLTiOSLibFormatContainer.swift */; };
		D4131A1424D5AC8D002A1520 /* BMLTiOSLibMeetingNodeSimpleDictionaryElement.swift in Sources */ = {isa = PBXBuildFile; fileRef = D4131A0524D5AC8D002A1520 /* BMLTiOSLibMeetingNodeSimpleDictionaryElement.swift */; };
		D4131A1524D5AC8D002A1520 /* BMLTiOSLibEditableMeetingNode.swift in Sources */ = {isa = PBXBuildFile; fileRef = D4131A0624D5AC8D002A1520 /* BMLTiOSLibEditableMeetingNode.swift */; };
		D4131A1624D5AC8D002A1520 /* BMLTiOSLibServerLang.swift in Sources */ = {isa = PBXBuildFile; fileRef = D4131A0724D5AC8D002A1520 /* BMLTiOSLibServerLang.swift */; };
		D4131A1724D5AC8D002A1520 /* BMLTiOSLibSearchCriteria.swift in Sources */ = {isa = PBXBuildFile; fileRef = D4131A0824D5AC8D002A1520 /* BMLTiOSLibSearchCriteria.swift */; };
		D4131A1824D5AC8D002A1520 /* BMLTiOSLibCommunicationHandler.swift in Sources */ = {isa = PBXBuildFile; fileRef = D4131A0924D5AC8D002A1520 /* BMLTiOSLibCommunicationHandler.swift */; };
		D4131A1924D5AC8D002A1520 /* BMLTCommunicator.swift in Sources */ = {isa = PBXBuildFile; fileRef = D4131A0A24D5AC8D002A1520 /* BMLTCommunicator.swift */; };
		D4131A1A24D5AC8D002A1520 /* BMLTiOSLib.swift in Sources */ = {isa = PBXBuildFile; fileRef = D4131A0B24D5AC8D002A1520 /* BMLTiOSLib.swift */; };
		D4131A1B24D5ACCD002A1520 /* BMLTiOSLibServiceBodyContainer.swift in Sources */ = {isa = PBXBuildFile; fileRef = D41319FD24D5AC8D002A1520 /* BMLTiOSLibServiceBodyContainer.swift */; };
		D4131A1C24D5ACCD002A1520 /* BMLTiOSLibChangedMeeting.swift in Sources */ = {isa = PBXBuildFile; fileRef = D41319FE24D5AC8D002A1520 /* BMLTiOSLibChangedMeeting.swift */; };
		D4131A1D24D5ACCD002A1520 /* BMLTiOSLibHierarchicalServiceBodyNode.swift in Sources */ = {isa = PBXBuildFile; fileRef = D41319FF24D5AC8D002A1520 /* BMLTiOSLibHierarchicalServiceBodyNode.swift */; };
		D4131A1E24D5ACCD002A1520 /* BMLTiOSLibChangeNode.swift in Sources */ = {isa = PBXBuildFile; fileRef = D4131A0024D5AC8D002A1520 /* BMLTiOSLibChangeNode.swift */; };
		D4131A1F24D5ACCD002A1520 /* BMLTiOSLibFormatNode.swift in Sources */ = {isa = PBXBuildFile; fileRef = D4131A0124D5AC8D002A1520 /* BMLTiOSLibFormatNode.swift */; };
		D4131A2024D5ACCD002A1520 /* BMLTiOSLibMeetingNode.swift in Sources */ = {isa = PBXBuildFile; fileRef = D4131A0224D5AC8D002A1520 /* BMLTiOSLibMeetingNode.swift */; };
		D4131A2124D5ACCD002A1520 /* BMLTiOSLibServerInfo.swift in Sources */ = {isa = PBXBuildFile; fileRef = D4131A0324D5AC8D002A1520 /* BMLTiOSLibServerInfo.swift */; };
		D4131A2224D5ACCD002A1520 /* BMLTiOSLibFormatContainer.swift in Sources */ = {isa = PBXBuildFile; fileRef = D4131A0424D5AC8D002A1520 /* BMLTiOSLibFormatContainer.swift */; };
		D4131A2324D5ACCD002A1520 /* BMLTiOSLibMeetingNodeSimpleDictionaryElement.swift in Sources */ = {isa = PBXBuildFile; fileRef = D4131A0524D5AC8D002A1520 /* BMLTiOSLibMeetingNodeSimpleDictionaryElement.swift */; };
		D4131A2424D5ACCD002A1520 /* BMLTiOSLibEditableMeetingNode.swift in Sources */ = {isa = PBXBuildFile; fileRef = D4131A0624D5AC8D002A1520 /* BMLTiOSLibEditableMeetingNode.swift */; };
		D4131A2524D5ACCD002A1520 /* BMLTiOSLibServerLang.swift in Sources */ = {isa = PBXBuildFile; fileRef = D4131A0724D5AC8D002A1520 /* BMLTiOSLibServerLang.swift */; };
		D4131A2624D5ACCD002A1520 /* BMLTiOSLibSearchCriteria.swift in Sources */ = {isa = PBXBuildFile; fileRef = D4131A0824D5AC8D002A1520 /* BMLTiOSLibSearchCriteria.swift */; };
		D4131A2724D5ACCD002A1520 /* BMLTiOSLibCommunicationHandler.swift in Sources */ = {isa = PBXBuildFile; fileRef = D4131A0924D5AC8D002A1520 /* BMLTiOSLibCommunicationHandler.swift */; };
		D4131A2824D5ACCD002A1520 /* BMLTCommunicator.swift in Sources */ = {isa = PBXBuildFile; fileRef = D4131A0A24D5AC8D002A1520 /* BMLTCommunicator.swift */; };
		D4131A2924D5ACCD002A1520 /* BMLTiOSLib.swift in Sources */ = {isa = PBXBuildFile; fileRef = D4131A0B24D5AC8D002A1520 /* BMLTiOSLib.swift */; };
		D4131A5F24D5AD89002A1520 /* BMLTiOSTesterMarker.swift in Sources */ = {isa = PBXBuildFile; fileRef = D4131A2C24D5AD89002A1520 /* BMLTiOSTesterMarker.swift */; };
		D4131A6024D5AD89002A1520 /* BMLTiOSTesterMarker.swift in Sources */ = {isa = PBXBuildFile; fileRef = D4131A2C24D5AD89002A1520 /* BMLTiOSTesterMarker.swift */; };
		D4131A6124D5AD89002A1520 /* Assets.xcassets in Resources */ = {isa = PBXBuildFile; fileRef = D4131A2E24D5AD89002A1520 /* Assets.xcassets */; };
		D4131A6224D5AD89002A1520 /* Assets.xcassets in Resources */ = {isa = PBXBuildFile; fileRef = D4131A2E24D5AD89002A1520 /* Assets.xcassets */; };
		D4131A6324D5AD89002A1520 /* SearchStringCell.xib in Resources */ = {isa = PBXBuildFile; fileRef = D4131A2F24D5AD89002A1520 /* SearchStringCell.xib */; };
		D4131A6424D5AD89002A1520 /* SearchStringCell.xib in Resources */ = {isa = PBXBuildFile; fileRef = D4131A2F24D5AD89002A1520 /* SearchStringCell.xib */; };
		D4131A6524D5AD89002A1520 /* LaunchScreen.storyboard in Resources */ = {isa = PBXBuildFile; fileRef = D4131A3124D5AD89002A1520 /* LaunchScreen.storyboard */; };
		D4131A6624D5AD89002A1520 /* LaunchScreen.storyboard in Resources */ = {isa = PBXBuildFile; fileRef = D4131A3124D5AD89002A1520 /* LaunchScreen.storyboard */; };
		D4131A6724D5AD89002A1520 /* SearchFormatCell.xib in Resources */ = {isa = PBXBuildFile; fileRef = D4131A3324D5AD89002A1520 /* SearchFormatCell.xib */; };
		D4131A6824D5AD89002A1520 /* SearchFormatCell.xib in Resources */ = {isa = PBXBuildFile; fileRef = D4131A3324D5AD89002A1520 /* SearchFormatCell.xib */; };
		D4131A6924D5AD89002A1520 /* DetailFormatCell.xib in Resources */ = {isa = PBXBuildFile; fileRef = D4131A3524D5AD89002A1520 /* DetailFormatCell.xib */; };
		D4131A6A24D5AD89002A1520 /* DetailFormatCell.xib in Resources */ = {isa = PBXBuildFile; fileRef = D4131A3524D5AD89002A1520 /* DetailFormatCell.xib */; };
		D4131A6B24D5AD89002A1520 /* SearchByStartTimeAndEndTimeCellView.xib in Resources */ = {isa = PBXBuildFile; fileRef = D4131A3724D5AD89002A1520 /* SearchByStartTimeAndEndTimeCellView.xib */; };
		D4131A6C24D5AD89002A1520 /* SearchByStartTimeAndEndTimeCellView.xib in Resources */ = {isa = PBXBuildFile; fileRef = D4131A3724D5AD89002A1520 /* SearchByStartTimeAndEndTimeCellView.xib */; };
		D4131A6D24D5AD89002A1520 /* SingleMeetingMapDisplayCellView.xib in Resources */ = {isa = PBXBuildFile; fileRef = D4131A3924D5AD89002A1520 /* SingleMeetingMapDisplayCellView.xib */; };
		D4131A6E24D5AD89002A1520 /* SingleMeetingMapDisplayCellView.xib in Resources */ = {isa = PBXBuildFile; fileRef = D4131A3924D5AD89002A1520 /* SingleMeetingMapDisplayCellView.xib */; };
		D4131A6F24D5AD89002A1520 /* SearchWeekdaysCell.xib in Resources */ = {isa = PBXBuildFile; fileRef = D4131A3B24D5AD89002A1520 /* SearchWeekdaysCell.xib */; };
		D4131A7024D5AD89002A1520 /* SearchWeekdaysCell.xib in Resources */ = {isa = PBXBuildFile; fileRef = D4131A3B24D5AD89002A1520 /* SearchWeekdaysCell.xib */; };
		D4131A7124D5AD89002A1520 /* DetailLocationMapCell.xib in Resources */ = {isa = PBXBuildFile; fileRef = D4131A3D24D5AD89002A1520 /* DetailLocationMapCell.xib */; };
		D4131A7224D5AD89002A1520 /* DetailLocationMapCell.xib in Resources */ = {isa = PBXBuildFile; fileRef = D4131A3D24D5AD89002A1520 /* DetailLocationMapCell.xib */; };
		D4131A7324D5AD89002A1520 /* DetailLoginTableCellView.xib in Resources */ = {isa = PBXBuildFile; fileRef = D4131A3F24D5AD89002A1520 /* DetailLoginTableCellView.xib */; };
		D4131A7424D5AD89002A1520 /* DetailLoginTableCellView.xib in Resources */ = {isa = PBXBuildFile; fileRef = D4131A3F24D5AD89002A1520 /* DetailLoginTableCellView.xib */; };
		D4131A7524D5AD89002A1520 /* SearchViewControllerMapView.xib in Resources */ = {isa = PBXBuildFile; fileRef = D4131A4124D5AD89002A1520 /* SearchViewControllerMapView.xib */; };
		D4131A7624D5AD89002A1520 /* SearchViewControllerMapView.xib in Resources */ = {isa = PBXBuildFile; fileRef = D4131A4124D5AD89002A1520 /* SearchViewControllerMapView.xib */; };
		D4131A7724D5AD89002A1520 /* Main.storyboard in Resources */ = {isa = PBXBuildFile; fileRef = D4131A4324D5AD89002A1520 /* Main.storyboard */; };
		D4131A7824D5AD89002A1520 /* Main.storyboard in Resources */ = {isa = PBXBuildFile; fileRef = D4131A4324D5AD89002A1520 /* Main.storyboard */; };
		D4131A7924D5AD89002A1520 /* SearchMeetingDurationCellView.xib in Resources */ = {isa = PBXBuildFile; fileRef = D4131A4524D5AD89002A1520 /* SearchMeetingDurationCellView.xib */; };
		D4131A7A24D5AD89002A1520 /* SearchMeetingDurationCellView.xib in Resources */ = {isa = PBXBuildFile; fileRef = D4131A4524D5AD89002A1520 /* SearchMeetingDurationCellView.xib */; };
		D4131A7B24D5AD89002A1520 /* Default-568h@2x.png in Resources */ = {isa = PBXBuildFile; fileRef = D4131A4724D5AD89002A1520 /* Default-568h@2x.png */; };
		D4131A7C24D5AD89002A1520 /* Default-568h@2x.png in Resources */ = {isa = PBXBuildFile; fileRef = D4131A4724D5AD89002A1520 /* Default-568h@2x.png */; };
		D4131A7D24D5AD89002A1520 /* SearchServiceBodyCell.xib in Resources */ = {isa = PBXBuildFile; fileRef = D4131A4924D5AD89002A1520 /* SearchServiceBodyCell.xib */; };
		D4131A7E24D5AD89002A1520 /* SearchServiceBodyCell.xib in Resources */ = {isa = PBXBuildFile; fileRef = D4131A4924D5AD89002A1520 /* SearchServiceBodyCell.xib */; };
		D4131A7F24D5AD89002A1520 /* MeetingSearchResultsTableCell.xib in Resources */ = {isa = PBXBuildFile; fileRef = D4131A4B24D5AD89002A1520 /* MeetingSearchResultsTableCell.xib */; };
		D4131A8024D5AD89002A1520 /* MeetingSearchResultsTableCell.xib in Resources */ = {isa = PBXBuildFile; fileRef = D4131A4B24D5AD89002A1520 /* MeetingSearchResultsTableCell.xib */; };
		D4131A8124D5AD89002A1520 /* SearchRadiusCell.xib in Resources */ = {isa = PBXBuildFile; fileRef = D4131A4D24D5AD89002A1520 /* SearchRadiusCell.xib */; };
		D4131A8224D5AD89002A1520 /* SearchRadiusCell.xib in Resources */ = {isa = PBXBuildFile; fileRef = D4131A4D24D5AD89002A1520 /* SearchRadiusCell.xib */; };
		D4131A8324D5AD89002A1520 /* BMLTiOSLibCheckbox.swift in Sources */ = {isa = PBXBuildFile; fileRef = D4131A4F24D5AD89002A1520 /* BMLTiOSLibCheckbox.swift */; };
		D4131A8424D5AD89002A1520 /* BMLTiOSLibCheckbox.swift in Sources */ = {isa = PBXBuildFile; fileRef = D4131A4F24D5AD89002A1520 /* BMLTiOSLibCheckbox.swift */; };
		D4131A8524D5AD89002A1520 /* AllChangesListViewController.swift in Sources */ = {isa = PBXBuildFile; fileRef = D4131A5124D5AD89002A1520 /* AllChangesListViewController.swift */; };
		D4131A8624D5AD89002A1520 /* AllChangesListViewController.swift in Sources */ = {isa = PBXBuildFile; fileRef = D4131A5124D5AD89002A1520 /* AllChangesListViewController.swift */; };
		D4131A8724D5AD89002A1520 /* SearchViewController.swift in Sources */ = {isa = PBXBuildFile; fileRef = D4131A5224D5AD89002A1520 /* SearchViewController.swift */; };
		D4131A8824D5AD89002A1520 /* SearchViewController.swift in Sources */ = {isa = PBXBuildFile; fileRef = D4131A5224D5AD89002A1520 /* SearchViewController.swift */; };
		D4131A8924D5AD89002A1520 /* ConnectViewController.swift in Sources */ = {isa = PBXBuildFile; fileRef = D4131A5324D5AD89002A1520 /* ConnectViewController.swift */; };
		D4131A8A24D5AD89002A1520 /* ConnectViewController.swift in Sources */ = {isa = PBXBuildFile; fileRef = D4131A5324D5AD89002A1520 /* ConnectViewController.swift */; };
		D4131A8B24D5AD89002A1520 /* ChangeListViewController.swift in Sources */ = {isa = PBXBuildFile; fileRef = D4131A5424D5AD89002A1520 /* ChangeListViewController.swift */; };
		D4131A8C24D5AD89002A1520 /* ChangeListViewController.swift in Sources */ = {isa = PBXBuildFile; fileRef = D4131A5424D5AD89002A1520 /* ChangeListViewController.swift */; };
		D4131A8D24D5AD89002A1520 /* DetailedInfoController.swift in Sources */ = {isa = PBXBuildFile; fileRef = D4131A5524D5AD89002A1520 /* DetailedInfoController.swift */; };
		D4131A8E24D5AD89002A1520 /* DetailedInfoController.swift in Sources */ = {isa = PBXBuildFile; fileRef = D4131A5524D5AD89002A1520 /* DetailedInfoController.swift */; };
		D4131A8F24D5AD89002A1520 /* FormatSearchResultsViewController.swift in Sources */ = {isa = PBXBuildFile; fileRef = D4131A5624D5AD89002A1520 /* FormatSearchResultsViewController.swift */; };
		D4131A9024D5AD89002A1520 /* FormatSearchResultsViewController.swift in Sources */ = {isa = PBXBuildFile; fileRef = D4131A5624D5AD89002A1520 /* FormatSearchResultsViewController.swift */; };
		D4131A9124D5AD89002A1520 /* SendMessageViewController.swift in Sources */ = {isa = PBXBuildFile; fileRef = D4131A5724D5AD89002A1520 /* SendMessageViewController.swift */; };
		D4131A9224D5AD89002A1520 /* SendMessageViewController.swift in Sources */ = {isa = PBXBuildFile; fileRef = D4131A5724D5AD89002A1520 /* SendMessageViewController.swift */; };
		D4131A9324D5AD89002A1520 /* BaseTestViewController.swift in Sources */ = {isa = PBXBuildFile; fileRef = D4131A5824D5AD89002A1520 /* BaseTestViewController.swift */; };
		D4131A9424D5AD89002A1520 /* BaseTestViewController.swift in Sources */ = {isa = PBXBuildFile; fileRef = D4131A5824D5AD89002A1520 /* BaseTestViewController.swift */; };
		D4131A9524D5AD89002A1520 /* MeetingSearchResultsViewController.swift in Sources */ = {isa = PBXBuildFile; fileRef = D4131A5924D5AD89002A1520 /* MeetingSearchResultsViewController.swift */; };
		D4131A9624D5AD89002A1520 /* MeetingSearchResultsViewController.swift in Sources */ = {isa = PBXBuildFile; fileRef = D4131A5924D5AD89002A1520 /* MeetingSearchResultsViewController.swift */; };
		D4131A9724D5AD89002A1520 /* SingleMeetingViewController.swift in Sources */ = {isa = PBXBuildFile; fileRef = D4131A5A24D5AD89002A1520 /* SingleMeetingViewController.swift */; };
		D4131A9824D5AD89002A1520 /* SingleMeetingViewController.swift in Sources */ = {isa = PBXBuildFile; fileRef = D4131A5A24D5AD89002A1520 /* SingleMeetingViewController.swift */; };
		D4131A9924D5AD89002A1520 /* NewMeetingViewController.swift in Sources */ = {isa = PBXBuildFile; fileRef = D4131A5B24D5AD89002A1520 /* NewMeetingViewController.swift */; };
		D4131A9A24D5AD89002A1520 /* NewMeetingViewController.swift in Sources */ = {isa = PBXBuildFile; fileRef = D4131A5B24D5AD89002A1520 /* NewMeetingViewController.swift */; };
		D4131A9B24D5AD89002A1520 /* TestTabController.swift in Sources */ = {isa = PBXBuildFile; fileRef = D4131A5C24D5AD89002A1520 /* TestTabController.swift */; };
		D4131A9C24D5AD89002A1520 /* TestTabController.swift in Sources */ = {isa = PBXBuildFile; fileRef = D4131A5C24D5AD89002A1520 /* TestTabController.swift */; };
		D4131A9D24D5AD89002A1520 /* BMLTiOSLibTesterAppDelegate.swift in Sources */ = {isa = PBXBuildFile; fileRef = D4131A5D24D5AD89002A1520 /* BMLTiOSLibTesterAppDelegate.swift */; };
		D4131A9E24D5AD89002A1520 /* BMLTiOSLibTesterAppDelegate.swift in Sources */ = {isa = PBXBuildFile; fileRef = D4131A5D24D5AD89002A1520 /* BMLTiOSLibTesterAppDelegate.swift */; };
/* End PBXBuildFile section */

/* Begin PBXContainerItemProxy section */
		77DBD8161FDEB08B008F110F /* PBXContainerItemProxy */ = {
			isa = PBXContainerItemProxy;
			containerPortal = 77DBD78F1FDEAEEB008F110F /* Project object */;
			proxyType = 1;
			remoteGlobalIDString = 77DBD7971FDEAEEB008F110F;
			remoteInfo = BMLTiOSLib;
		};
/* End PBXContainerItemProxy section */

/* Begin PBXCopyFilesBuildPhase section */
		77DBD8181FDEB08C008F110F /* Embed Frameworks */ = {
			isa = PBXCopyFilesBuildPhase;
			buildActionMask = 2147483647;
			dstPath = "";
			dstSubfolderSpec = 10;
			files = (
				77DBD8151FDEB08B008F110F /* BMLTiOSLib.framework in Embed Frameworks */,
			);
			name = "Embed Frameworks";
			runOnlyForDeploymentPostprocessing = 0;
		};
/* End PBXCopyFilesBuildPhase section */

/* Begin PBXFileReference section */
		771B00961FE197BE004C6CC7 /* CHANGELOG.md */ = {isa = PBXFileReference; lastKnownFileType = net.daringfireball.markdown; path = CHANGELOG.md; sourceTree = "<group>"; };
		772570CD1FDF12C400297473 /* BMLTiOSLib Test Harness (Direct).app */ = {isa = PBXFileReference; explicitFileType = wrapper.application; includeInIndex = 0; path = "BMLTiOSLib Test Harness (Direct).app"; sourceTree = BUILT_PRODUCTS_DIR; };
		772B79FE1FEC1A7B002ACDAB /* Package.swift */ = {isa = PBXFileReference; lastKnownFileType = sourcecode.swift; path = Package.swift; sourceTree = "<group>"; };
		77DBD7981FDEAEEB008F110F /* BMLTiOSLib.framework */ = {isa = PBXFileReference; explicitFileType = wrapper.framework; includeInIndex = 0; path = BMLTiOSLib.framework; sourceTree = BUILT_PRODUCTS_DIR; };
		77DBD7AE1FDEB010008F110F /* BMLTiOSLib Test Harness.app */ = {isa = PBXFileReference; explicitFileType = wrapper.application; includeInIndex = 0; path = "BMLTiOSLib Test Harness.app"; sourceTree = BUILT_PRODUCTS_DIR; };
		77DBD8191FDEB183008F110F /* README.md */ = {isa = PBXFileReference; lastKnownFileType = net.daringfireball.markdown; path = README.md; sourceTree = "<group>"; };
		77DBD81A1FDEB183008F110F /* BMLTiOSLib.podspec */ = {isa = PBXFileReference; lastKnownFileType = text; path = BMLTiOSLib.podspec; sourceTree = "<group>"; };
		77DBD81B1FDEB183008F110F /* LICENSE */ = {isa = PBXFileReference; lastKnownFileType = text; path = LICENSE; sourceTree = "<group>"; };
		D41319FB24D5AC8D002A1520 /* Info.plist */ = {isa = PBXFileReference; fileEncoding = 4; lastKnownFileType = text.plist.xml; path = Info.plist; sourceTree = "<group>"; };
		D41319FD24D5AC8D002A1520 /* BMLTiOSLibServiceBodyContainer.swift */ = {isa = PBXFileReference; fileEncoding = 4; lastKnownFileType = sourcecode.swift; path = BMLTiOSLibServiceBodyContainer.swift; sourceTree = "<group>"; };
		D41319FE24D5AC8D002A1520 /* BMLTiOSLibChangedMeeting.swift */ = {isa = PBXFileReference; fileEncoding = 4; lastKnownFileType = sourcecode.swift; path = BMLTiOSLibChangedMeeting.swift; sourceTree = "<group>"; };
		D41319FF24D5AC8D002A1520 /* BMLTiOSLibHierarchicalServiceBodyNode.swift */ = {isa = PBXFileReference; fileEncoding = 4; lastKnownFileType = sourcecode.swift; path = BMLTiOSLibHierarchicalServiceBodyNode.swift; sourceTree = "<group>"; };
		D4131A0024D5AC8D002A1520 /* BMLTiOSLibChangeNode.swift */ = {isa = PBXFileReference; fileEncoding = 4; lastKnownFileType = sourcecode.swift; path = BMLTiOSLibChangeNode.swift; sourceTree = "<group>"; };
		D4131A0124D5AC8D002A1520 /* BMLTiOSLibFormatNode.swift */ = {isa = PBXFileReference; fileEncoding = 4; lastKnownFileType = sourcecode.swift; path = BMLTiOSLibFormatNode.swift; sourceTree = "<group>"; };
		D4131A0224D5AC8D002A1520 /* BMLTiOSLibMeetingNode.swift */ = {isa = PBXFileReference; fileEncoding = 4; lastKnownFileType = sourcecode.swift; path = BMLTiOSLibMeetingNode.swift; sourceTree = "<group>"; };
		D4131A0324D5AC8D002A1520 /* BMLTiOSLibServerInfo.swift */ = {isa = PBXFileReference; fileEncoding = 4; lastKnownFileType = sourcecode.swift; path = BMLTiOSLibServerInfo.swift; sourceTree = "<group>"; };
		D4131A0424D5AC8D002A1520 /* BMLTiOSLibFormatContainer.swift */ = {isa = PBXFileReference; fileEncoding = 4; lastKnownFileType = sourcecode.swift; path = BMLTiOSLibFormatContainer.swift; sourceTree = "<group>"; };
		D4131A0524D5AC8D002A1520 /* BMLTiOSLibMeetingNodeSimpleDictionaryElement.swift */ = {isa = PBXFileReference; fileEncoding = 4; lastKnownFileType = sourcecode.swift; path = BMLTiOSLibMeetingNodeSimpleDictionaryElement.swift; sourceTree = "<group>"; };
		D4131A0624D5AC8D002A1520 /* BMLTiOSLibEditableMeetingNode.swift */ = {isa = PBXFileReference; fileEncoding = 4; lastKnownFileType = sourcecode.swift; path = BMLTiOSLibEditableMeetingNode.swift; sourceTree = "<group>"; };
		D4131A0724D5AC8D002A1520 /* BMLTiOSLibServerLang.swift */ = {isa = PBXFileReference; fileEncoding = 4; lastKnownFileType = sourcecode.swift; path = BMLTiOSLibServerLang.swift; sourceTree = "<group>"; };
		D4131A0824D5AC8D002A1520 /* BMLTiOSLibSearchCriteria.swift */ = {isa = PBXFileReference; fileEncoding = 4; lastKnownFileType = sourcecode.swift; path = BMLTiOSLibSearchCriteria.swift; sourceTree = "<group>"; };
		D4131A0924D5AC8D002A1520 /* BMLTiOSLibCommunicationHandler.swift */ = {isa = PBXFileReference; fileEncoding = 4; lastKnownFileType = sourcecode.swift; path = BMLTiOSLibCommunicationHandler.swift; sourceTree = "<group>"; };
		D4131A0A24D5AC8D002A1520 /* BMLTCommunicator.swift */ = {isa = PBXFileReference; fileEncoding = 4; lastKnownFileType = sourcecode.swift; path = BMLTCommunicator.swift; sourceTree = "<group>"; };
		D4131A0B24D5AC8D002A1520 /* BMLTiOSLib.swift */ = {isa = PBXFileReference; fileEncoding = 4; lastKnownFileType = sourcecode.swift; path = BMLTiOSLib.swift; sourceTree = "<group>"; };
		D4131A2A24D5AD48002A1520 /* swift.yml */ = {isa = PBXFileReference; lastKnownFileType = text.yaml; name = swift.yml; path = .github/workflows/swift.yml; sourceTree = "<group>"; };
		D4131A2C24D5AD89002A1520 /* BMLTiOSTesterMarker.swift */ = {isa = PBXFileReference; fileEncoding = 4; lastKnownFileType = sourcecode.swift; name = BMLTiOSTesterMarker.swift; path = ../BMLTiOSTesterMarker.swift; sourceTree = "<group>"; };
		D4131A2E24D5AD89002A1520 /* Assets.xcassets */ = {isa = PBXFileReference; lastKnownFileType = folder.assetcatalog; path = Assets.xcassets; sourceTree = "<group>"; };
		D4131A3024D5AD89002A1520 /* Base */ = {isa = PBXFileReference; lastKnownFileType = file.xib; name = Base; path = Base.lproj/SearchStringCell.xib; sourceTree = "<group>"; };
		D4131A3224D5AD89002A1520 /* Base */ = {isa = PBXFileReference; lastKnownFileType = file.storyboard; name = Base; path = Base.lproj/LaunchScreen.storyboard; sourceTree = "<group>"; };
		D4131A3424D5AD89002A1520 /* Base */ = {isa = PBXFileReference; lastKnownFileType = file.xib; name = Base; path = Base.lproj/SearchFormatCell.xib; sourceTree = "<group>"; };
		D4131A3624D5AD89002A1520 /* Base */ = {isa = PBXFileReference; lastKnownFileType = file.xib; name = Base; path = Base.lproj/DetailFormatCell.xib; sourceTree = "<group>"; };
		D4131A3824D5AD89002A1520 /* Base */ = {isa = PBXFileReference; lastKnownFileType = file.xib; name = Base; path = Base.lproj/SearchByStartTimeAndEndTimeCellView.xib; sourceTree = "<group>"; };
		D4131A3A24D5AD89002A1520 /* Base */ = {isa = PBXFileReference; lastKnownFileType = file.xib; name = Base; path = Base.lproj/SingleMeetingMapDisplayCellView.xib; sourceTree = "<group>"; };
		D4131A3C24D5AD89002A1520 /* Base */ = {isa = PBXFileReference; lastKnownFileType = file.xib; name = Base; path = Base.lproj/SearchWeekdaysCell.xib; sourceTree = "<group>"; };
		D4131A3E24D5AD89002A1520 /* Base */ = {isa = PBXFileReference; lastKnownFileType = file.xib; name = Base; path = Base.lproj/DetailLocationMapCell.xib; sourceTree = "<group>"; };
		D4131A4024D5AD89002A1520 /* Base */ = {isa = PBXFileReference; lastKnownFileType = file.xib; name = Base; path = Base.lproj/DetailLoginTableCellView.xib; sourceTree = "<group>"; };
		D4131A4224D5AD89002A1520 /* Base */ = {isa = PBXFileReference; lastKnownFileType = file.xib; name = Base; path = Base.lproj/SearchViewControllerMapView.xib; sourceTree = "<group>"; };
		D4131A4424D5AD89002A1520 /* Base */ = {isa = PBXFileReference; lastKnownFileType = file.storyboard; name = Base; path = Base.lproj/Main.storyboard; sourceTree = "<group>"; };
		D4131A4624D5AD89002A1520 /* Base */ = {isa = PBXFileReference; lastKnownFileType = file.xib; name = Base; path = Base.lproj/SearchMeetingDurationCellView.xib; sourceTree = "<group>"; };
		D4131A4824D5AD89002A1520 /* Base */ = {isa = PBXFileReference; lastKnownFileType = image.png; name = Base; path = "Base.lproj/Default-568h@2x.png"; sourceTree = "<group>"; };
		D4131A4A24D5AD89002A1520 /* Base */ = {isa = PBXFileReference; lastKnownFileType = file.xib; name = Base; path = Base.lproj/SearchServiceBodyCell.xib; sourceTree = "<group>"; };
		D4131A4C24D5AD89002A1520 /* Base */ = {isa = PBXFileReference; lastKnownFileType = file.xib; name = Base; path = Base.lproj/MeetingSearchResultsTableCell.xib; sourceTree = "<group>"; };
		D4131A4E24D5AD89002A1520 /* Base */ = {isa = PBXFileReference; lastKnownFileType = file.xib; name = Base; path = Base.lproj/SearchRadiusCell.xib; sourceTree = "<group>"; };
		D4131A4F24D5AD89002A1520 /* BMLTiOSLibCheckbox.swift */ = {isa = PBXFileReference; fileEncoding = 4; lastKnownFileType = sourcecode.swift; path = BMLTiOSLibCheckbox.swift; sourceTree = "<group>"; };
		D4131A5124D5AD89002A1520 /* AllChangesListViewController.swift */ = {isa = PBXFileReference; fileEncoding = 4; lastKnownFileType = sourcecode.swift; path = AllChangesListViewController.swift; sourceTree = "<group>"; };
		D4131A5224D5AD89002A1520 /* SearchViewController.swift */ = {isa = PBXFileReference; fileEncoding = 4; lastKnownFileType = sourcecode.swift; path = SearchViewController.swift; sourceTree = "<group>"; };
		D4131A5324D5AD89002A1520 /* ConnectViewController.swift */ = {isa = PBXFileReference; fileEncoding = 4; lastKnownFileType = sourcecode.swift; path = ConnectViewController.swift; sourceTree = "<group>"; };
		D4131A5424D5AD89002A1520 /* ChangeListViewController.swift */ = {isa = PBXFileReference; fileEncoding = 4; lastKnownFileType = sourcecode.swift; path = ChangeListViewController.swift; sourceTree = "<group>"; };
		D4131A5524D5AD89002A1520 /* DetailedInfoController.swift */ = {isa = PBXFileReference; fileEncoding = 4; lastKnownFileType = sourcecode.swift; path = DetailedInfoController.swift; sourceTree = "<group>"; };
		D4131A5624D5AD89002A1520 /* FormatSearchResultsViewController.swift */ = {isa = PBXFileReference; fileEncoding = 4; lastKnownFileType = sourcecode.swift; path = FormatSearchResultsViewController.swift; sourceTree = "<group>"; };
		D4131A5724D5AD89002A1520 /* SendMessageViewController.swift */ = {isa = PBXFileReference; fileEncoding = 4; lastKnownFileType = sourcecode.swift; path = SendMessageViewController.swift; sourceTree = "<group>"; };
		D4131A5824D5AD89002A1520 /* BaseTestViewController.swift */ = {isa = PBXFileReference; fileEncoding = 4; lastKnownFileType = sourcecode.swift; path = BaseTestViewController.swift; sourceTree = "<group>"; };
		D4131A5924D5AD89002A1520 /* MeetingSearchResultsViewController.swift */ = {isa = PBXFileReference; fileEncoding = 4; lastKnownFileType = sourcecode.swift; path = MeetingSearchResultsViewController.swift; sourceTree = "<group>"; };
		D4131A5A24D5AD89002A1520 /* SingleMeetingViewController.swift */ = {isa = PBXFileReference; fileEncoding = 4; lastKnownFileType = sourcecode.swift; path = SingleMeetingViewController.swift; sourceTree = "<group>"; };
		D4131A5B24D5AD89002A1520 /* NewMeetingViewController.swift */ = {isa = PBXFileReference; fileEncoding = 4; lastKnownFileType = sourcecode.swift; path = NewMeetingViewController.swift; sourceTree = "<group>"; };
		D4131A5C24D5AD89002A1520 /* TestTabController.swift */ = {isa = PBXFileReference; fileEncoding = 4; lastKnownFileType = sourcecode.swift; path = TestTabController.swift; sourceTree = "<group>"; };
		D4131A5D24D5AD89002A1520 /* BMLTiOSLibTesterAppDelegate.swift */ = {isa = PBXFileReference; fileEncoding = 4; lastKnownFileType = sourcecode.swift; path = BMLTiOSLibTesterAppDelegate.swift; sourceTree = "<group>"; };
		D4131A5E24D5AD89002A1520 /* Info.plist */ = {isa = PBXFileReference; fileEncoding = 4; lastKnownFileType = text.plist.xml; path = Info.plist; sourceTree = "<group>"; };
		D430B2D624A77D56001F2019 /* Warnings.xcconfig */ = {isa = PBXFileReference; lastKnownFileType = text.xcconfig; name = Warnings.xcconfig; path = "Project-Meta/Warnings.xcconfig"; sourceTree = "<group>"; };
		D4403E6A22F3913A00424EB1 /* jazzy.command */ = {isa = PBXFileReference; lastKnownFileType = text.script.sh; path = jazzy.command; sourceTree = "<group>"; };
/* End PBXFileReference section */

/* Begin PBXFrameworksBuildPhase section */
		77DBD7AB1FDEB010008F110F /* Frameworks */ = {
			isa = PBXFrameworksBuildPhase;
			buildActionMask = 2147483647;
			files = (
				77DBD8141FDEB08B008F110F /* BMLTiOSLib.framework in Frameworks */,
			);
			runOnlyForDeploymentPostprocessing = 0;
		};
/* End PBXFrameworksBuildPhase section */

/* Begin PBXGroup section */
		77DBD78E1FDEAEEB008F110F = {
			isa = PBXGroup;
			children = (
				D430B2D724A77EC7001F2019 /* Meta */,
				D41319FA24D5AC8D002A1520 /* Sources */,
				D4131A2B24D5AD89002A1520 /* Tests */,
				77DBD7991FDEAEEB008F110F /* Products */,
			);
			sourceTree = "<group>";
		};
		77DBD7991FDEAEEB008F110F /* Products */ = {
			isa = PBXGroup;
			children = (
				77DBD7981FDEAEEB008F110F /* BMLTiOSLib.framework */,
				77DBD7AE1FDEB010008F110F /* BMLTiOSLib Test Harness.app */,
				772570CD1FDF12C400297473 /* BMLTiOSLib Test Harness (Direct).app */,
			);
			name = Products;
			sourceTree = "<group>";
		};
		D41319FA24D5AC8D002A1520 /* Sources */ = {
			isa = PBXGroup;
			children = (
				D41319FB24D5AC8D002A1520 /* Info.plist */,
				D41319FC24D5AC8D002A1520 /* BMLTiOSLib */,
			);
			path = Sources;
			sourceTree = "<group>";
		};
		D41319FC24D5AC8D002A1520 /* BMLTiOSLib */ = {
			isa = PBXGroup;
			children = (
				D41319FD24D5AC8D002A1520 /* BMLTiOSLibServiceBodyContainer.swift */,
				D41319FE24D5AC8D002A1520 /* BMLTiOSLibChangedMeeting.swift */,
				D41319FF24D5AC8D002A1520 /* BMLTiOSLibHierarchicalServiceBodyNode.swift */,
				D4131A0024D5AC8D002A1520 /* BMLTiOSLibChangeNode.swift */,
				D4131A0124D5AC8D002A1520 /* BMLTiOSLibFormatNode.swift */,
				D4131A0224D5AC8D002A1520 /* BMLTiOSLibMeetingNode.swift */,
				D4131A0324D5AC8D002A1520 /* BMLTiOSLibServerInfo.swift */,
				D4131A0424D5AC8D002A1520 /* BMLTiOSLibFormatContainer.swift */,
				D4131A0524D5AC8D002A1520 /* BMLTiOSLibMeetingNodeSimpleDictionaryElement.swift */,
				D4131A0624D5AC8D002A1520 /* BMLTiOSLibEditableMeetingNode.swift */,
				D4131A0724D5AC8D002A1520 /* BMLTiOSLibServerLang.swift */,
				D4131A0824D5AC8D002A1520 /* BMLTiOSLibSearchCriteria.swift */,
				D4131A0924D5AC8D002A1520 /* BMLTiOSLibCommunicationHandler.swift */,
				D4131A0A24D5AC8D002A1520 /* BMLTCommunicator.swift */,
				D4131A0B24D5AC8D002A1520 /* BMLTiOSLib.swift */,
			);
			path = BMLTiOSLib;
			sourceTree = "<group>";
		};
		D4131A2B24D5AD89002A1520 /* Tests */ = {
			isa = PBXGroup;
			children = (
				D4131A5E24D5AD89002A1520 /* Info.plist */,
				D4131A5D24D5AD89002A1520 /* BMLTiOSLibTesterAppDelegate.swift */,
				D4131A4F24D5AD89002A1520 /* BMLTiOSLibCheckbox.swift */,
				D4131A5024D5AD89002A1520 /* View Controllers */,
				D4131A2D24D5AD89002A1520 /* Resources */,
			);
			path = Tests;
			sourceTree = "<group>";
		};
		D4131A2D24D5AD89002A1520 /* Resources */ = {
			isa = PBXGroup;
			children = (
				D4131A2C24D5AD89002A1520 /* BMLTiOSTesterMarker.swift */,
				D4131A2E24D5AD89002A1520 /* Assets.xcassets */,
				D4131A2F24D5AD89002A1520 /* SearchStringCell.xib */,
				D4131A3124D5AD89002A1520 /* LaunchScreen.storyboard */,
				D4131A3324D5AD89002A1520 /* SearchFormatCell.xib */,
				D4131A3524D5AD89002A1520 /* DetailFormatCell.xib */,
				D4131A3724D5AD89002A1520 /* SearchByStartTimeAndEndTimeCellView.xib */,
				D4131A3924D5AD89002A1520 /* SingleMeetingMapDisplayCellView.xib */,
				D4131A3B24D5AD89002A1520 /* SearchWeekdaysCell.xib */,
				D4131A3D24D5AD89002A1520 /* DetailLocationMapCell.xib */,
				D4131A3F24D5AD89002A1520 /* DetailLoginTableCellView.xib */,
				D4131A4124D5AD89002A1520 /* SearchViewControllerMapView.xib */,
				D4131A4324D5AD89002A1520 /* Main.storyboard */,
				D4131A4524D5AD89002A1520 /* SearchMeetingDurationCellView.xib */,
				D4131A4724D5AD89002A1520 /* Default-568h@2x.png */,
				D4131A4924D5AD89002A1520 /* SearchServiceBodyCell.xib */,
				D4131A4B24D5AD89002A1520 /* MeetingSearchResultsTableCell.xib */,
				D4131A4D24D5AD89002A1520 /* SearchRadiusCell.xib */,
			);
			path = Resources;
			sourceTree = "<group>";
		};
		D4131A5024D5AD89002A1520 /* View Controllers */ = {
			isa = PBXGroup;
			children = (
				D4131A5C24D5AD89002A1520 /* TestTabController.swift */,
				D4131A5124D5AD89002A1520 /* AllChangesListViewController.swift */,
				D4131A5224D5AD89002A1520 /* SearchViewController.swift */,
				D4131A5324D5AD89002A1520 /* ConnectViewController.swift */,
				D4131A5424D5AD89002A1520 /* ChangeListViewController.swift */,
				D4131A5524D5AD89002A1520 /* DetailedInfoController.swift */,
				D4131A5624D5AD89002A1520 /* FormatSearchResultsViewController.swift */,
				D4131A5724D5AD89002A1520 /* SendMessageViewController.swift */,
				D4131A5824D5AD89002A1520 /* BaseTestViewController.swift */,
				D4131A5924D5AD89002A1520 /* MeetingSearchResultsViewController.swift */,
				D4131A5A24D5AD89002A1520 /* SingleMeetingViewController.swift */,
				D4131A5B24D5AD89002A1520 /* NewMeetingViewController.swift */,
			);
			path = "View Controllers";
			sourceTree = "<group>";
		};
		D430B2D724A77EC7001F2019 /* Meta */ = {
			isa = PBXGroup;
			children = (
				77DBD8191FDEB183008F110F /* README.md */,
				771B00961FE197BE004C6CC7 /* CHANGELOG.md */,
				772B79FE1FEC1A7B002ACDAB /* Package.swift */,
				77DBD81A1FDEB183008F110F /* BMLTiOSLib.podspec */,
				D4403E6A22F3913A00424EB1 /* jazzy.command */,
				D4131A2A24D5AD48002A1520 /* swift.yml */,
				D430B2D624A77D56001F2019 /* Warnings.xcconfig */,
				77DBD81B1FDEB183008F110F /* LICENSE */,
			);
			name = Meta;
			sourceTree = "<group>";
		};
/* End PBXGroup section */

/* Begin PBXNativeTarget section */
		772570A11FDF12C400297473 /* BMLTiOSLib Test Harness (Direct) */ = {
			isa = PBXNativeTarget;
			buildConfigurationList = 772570CA1FDF12C400297473 /* Build configuration list for PBXNativeTarget "BMLTiOSLib Test Harness (Direct)" */;
			buildPhases = (
				772570A41FDF12C400297473 /* Sources */,
				772570B61FDF12C400297473 /* Resources */,
			);
			buildRules = (
			);
			dependencies = (
			);
			name = "BMLTiOSLib Test Harness (Direct)";
			productName = "BMLTiOSLib Test Harness";
			productReference = 772570CD1FDF12C400297473 /* BMLTiOSLib Test Harness (Direct).app */;
			productType = "com.apple.product-type.application";
		};
		77DBD7971FDEAEEB008F110F /* BMLTiOSLib */ = {
			isa = PBXNativeTarget;
			buildConfigurationList = 77DBD7A01FDEAEEB008F110F /* Build configuration list for PBXNativeTarget "BMLTiOSLib" */;
			buildPhases = (
				77BAC1141FDEBC120036577C /* SwiftLint */,
				77DBD7931FDEAEEB008F110F /* Sources */,
			);
			buildRules = (
			);
			dependencies = (
			);
			name = BMLTiOSLib;
			productName = BMLTiOSLib;
			productReference = 77DBD7981FDEAEEB008F110F /* BMLTiOSLib.framework */;
			productType = "com.apple.product-type.framework";
		};
		77DBD7AD1FDEB010008F110F /* BMLTiOSLib Test Harness */ = {
			isa = PBXNativeTarget;
			buildConfigurationList = 77DBD7BD1FDEB010008F110F /* Build configuration list for PBXNativeTarget "BMLTiOSLib Test Harness" */;
			buildPhases = (
				77DBD7AA1FDEB010008F110F /* Sources */,
				77DBD7AC1FDEB010008F110F /* Resources */,
				77DBD7AB1FDEB010008F110F /* Frameworks */,
				77DBD8181FDEB08C008F110F /* Embed Frameworks */,
			);
			buildRules = (
			);
			dependencies = (
				77DBD8171FDEB08B008F110F /* PBXTargetDependency */,
			);
			name = "BMLTiOSLib Test Harness";
			productName = "BMLTiOSLib Test Harness";
			productReference = 77DBD7AE1FDEB010008F110F /* BMLTiOSLib Test Harness.app */;
			productType = "com.apple.product-type.application";
		};
/* End PBXNativeTarget section */

/* Begin PBXProject section */
		77DBD78F1FDEAEEB008F110F /* Project object */ = {
			isa = PBXProject;
			attributes = {
				LastSwiftUpdateCheck = 0920;
				LastUpgradeCheck = 1160;
				ORGANIZATIONNAME = MAGSHARE;
				TargetAttributes = {
					772570A11FDF12C400297473 = {
						LastSwiftMigration = 1020;
						ProvisioningStyle = Automatic;
					};
					77DBD7971FDEAEEB008F110F = {
						CreatedOnToolsVersion = 9.2;
						LastSwiftMigration = 1020;
						ProvisioningStyle = Automatic;
					};
					77DBD7AD1FDEB010008F110F = {
						CreatedOnToolsVersion = 9.2;
						LastSwiftMigration = 1030;
						ProvisioningStyle = Automatic;
					};
				};
			};
			buildConfigurationList = 77DBD7921FDEAEEB008F110F /* Build configuration list for PBXProject "BMLTiOSLib" */;
			compatibilityVersion = "Xcode 10.0";
			developmentRegion = en;
			hasScannedForEncodings = 0;
			knownRegions = (
				en,
				Base,
			);
			mainGroup = 77DBD78E1FDEAEEB008F110F;
			productRefGroup = 77DBD7991FDEAEEB008F110F /* Products */;
			projectDirPath = "";
			projectRoot = "";
			targets = (
				77DBD7971FDEAEEB008F110F /* BMLTiOSLib */,
				77DBD7AD1FDEB010008F110F /* BMLTiOSLib Test Harness */,
				772570A11FDF12C400297473 /* BMLTiOSLib Test Harness (Direct) */,
			);
		};
/* End PBXProject section */

/* Begin PBXResourcesBuildPhase section */
		772570B61FDF12C400297473 /* Resources */ = {
			isa = PBXResourcesBuildPhase;
			buildActionMask = 2147483647;
			files = (
				D4131A6C24D5AD89002A1520 /* SearchByStartTimeAndEndTimeCellView.xib in Resources */,
				D4131A8024D5AD89002A1520 /* MeetingSearchResultsTableCell.xib in Resources */,
				D4131A7E24D5AD89002A1520 /* SearchServiceBodyCell.xib in Resources */,
				D4131A6824D5AD89002A1520 /* SearchFormatCell.xib in Resources */,
				D4131A7024D5AD89002A1520 /* SearchWeekdaysCell.xib in Resources */,
				D4131A7824D5AD89002A1520 /* Main.storyboard in Resources */,
				D4131A7624D5AD89002A1520 /* SearchViewControllerMapView.xib in Resources */,
				D4131A8224D5AD89002A1520 /* SearchRadiusCell.xib in Resources */,
				D4131A7C24D5AD89002A1520 /* Default-568h@2x.png in Resources */,
				D4131A7A24D5AD89002A1520 /* SearchMeetingDurationCellView.xib in Resources */,
				D4131A6A24D5AD89002A1520 /* DetailFormatCell.xib in Resources */,
				D4131A7424D5AD89002A1520 /* DetailLoginTableCellView.xib in Resources */,
				D4131A6624D5AD89002A1520 /* LaunchScreen.storyboard in Resources */,
				D4131A6E24D5AD89002A1520 /* SingleMeetingMapDisplayCellView.xib in Resources */,
				D4131A7224D5AD89002A1520 /* DetailLocationMapCell.xib in Resources */,
				D4131A6424D5AD89002A1520 /* SearchStringCell.xib in Resources */,
				D4131A6224D5AD89002A1520 /* Assets.xcassets in Resources */,
			);
			runOnlyForDeploymentPostprocessing = 0;
		};
		77DBD7AC1FDEB010008F110F /* Resources */ = {
			isa = PBXResourcesBuildPhase;
			buildActionMask = 2147483647;
			files = (
				D4131A6B24D5AD89002A1520 /* SearchByStartTimeAndEndTimeCellView.xib in Resources */,
				D4131A7F24D5AD89002A1520 /* MeetingSearchResultsTableCell.xib in Resources */,
				D4131A7D24D5AD89002A1520 /* SearchServiceBodyCell.xib in Resources */,
				D4131A6724D5AD89002A1520 /* SearchFormatCell.xib in Resources */,
				D4131A6F24D5AD89002A1520 /* SearchWeekdaysCell.xib in Resources */,
				D4131A7724D5AD89002A1520 /* Main.storyboard in Resources */,
				D4131A7524D5AD89002A1520 /* SearchViewControllerMapView.xib in Resources */,
				D4131A8124D5AD89002A1520 /* SearchRadiusCell.xib in Resources */,
				D4131A7B24D5AD89002A1520 /* Default-568h@2x.png in Resources */,
				D4131A7924D5AD89002A1520 /* SearchMeetingDurationCellView.xib in Resources */,
				D4131A6924D5AD89002A1520 /* DetailFormatCell.xib in Resources */,
				D4131A7324D5AD89002A1520 /* DetailLoginTableCellView.xib in Resources */,
				D4131A6524D5AD89002A1520 /* LaunchScreen.storyboard in Resources */,
				D4131A6D24D5AD89002A1520 /* SingleMeetingMapDisplayCellView.xib in Resources */,
				D4131A7124D5AD89002A1520 /* DetailLocationMapCell.xib in Resources */,
				D4131A6324D5AD89002A1520 /* SearchStringCell.xib in Resources */,
				D4131A6124D5AD89002A1520 /* Assets.xcassets in Resources */,
			);
			runOnlyForDeploymentPostprocessing = 0;
		};
/* End PBXResourcesBuildPhase section */

/* Begin PBXShellScriptBuildPhase section */
		77BAC1141FDEBC120036577C /* SwiftLint */ = {
			isa = PBXShellScriptBuildPhase;
			buildActionMask = 2147483647;
			files = (
			);
			inputPaths = (
			);
			name = SwiftLint;
			outputPaths = (
			);
			runOnlyForDeploymentPostprocessing = 0;
			shellPath = /bin/sh;
			shellScript = "if test -f \"${PROJECT_DIR}/Project-Meta/SwiftLint/swiftlint\"; then\n    \"${PROJECT_DIR}/Project-Meta/SwiftLint/swiftlint\"\nfi\n";
		};
/* End PBXShellScriptBuildPhase section */

/* Begin PBXSourcesBuildPhase section */
		772570A41FDF12C400297473 /* Sources */ = {
			isa = PBXSourcesBuildPhase;
			buildActionMask = 2147483647;
			files = (
				D4131A2524D5ACCD002A1520 /* BMLTiOSLibServerLang.swift in Sources */,
				D4131A2924D5ACCD002A1520 /* BMLTiOSLib.swift in Sources */,
				D4131A1B24D5ACCD002A1520 /* BMLTiOSLibServiceBodyContainer.swift in Sources */,
				D4131A2624D5ACCD002A1520 /* BMLTiOSLibSearchCriteria.swift in Sources */,
				D4131A8824D5AD89002A1520 /* SearchViewController.swift in Sources */,
				D4131A9024D5AD89002A1520 /* FormatSearchResultsViewController.swift in Sources */,
				D4131A8624D5AD89002A1520 /* AllChangesListViewController.swift in Sources */,
				D4131A9824D5AD89002A1520 /* SingleMeetingViewController.swift in Sources */,
				D4131A1C24D5ACCD002A1520 /* BMLTiOSLibChangedMeeting.swift in Sources */,
				D4131A2424D5ACCD002A1520 /* BMLTiOSLibEditableMeetingNode.swift in Sources */,
				D4131A9E24D5AD89002A1520 /* BMLTiOSLibTesterAppDelegate.swift in Sources */,
				D4131A1E24D5ACCD002A1520 /* BMLTiOSLibChangeNode.swift in Sources */,
				D4131A8E24D5AD89002A1520 /* DetailedInfoController.swift in Sources */,
				D4131A9624D5AD89002A1520 /* MeetingSearchResultsViewController.swift in Sources */,
				D4131A6024D5AD89002A1520 /* BMLTiOSTesterMarker.swift in Sources */,
				D4131A2824D5ACCD002A1520 /* BMLTCommunicator.swift in Sources */,
				D4131A2224D5ACCD002A1520 /* BMLTiOSLibFormatContainer.swift in Sources */,
				D4131A2124D5ACCD002A1520 /* BMLTiOSLibServerInfo.swift in Sources */,
				D4131A8C24D5AD89002A1520 /* ChangeListViewController.swift in Sources */,
				D4131A9224D5AD89002A1520 /* SendMessageViewController.swift in Sources */,
				D4131A8424D5AD89002A1520 /* BMLTiOSLibCheckbox.swift in Sources */,
				D4131A1D24D5ACCD002A1520 /* BMLTiOSLibHierarchicalServiceBodyNode.swift in Sources */,
				D4131A8A24D5AD89002A1520 /* ConnectViewController.swift in Sources */,
				D4131A9C24D5AD89002A1520 /* TestTabController.swift in Sources */,
				D4131A2724D5ACCD002A1520 /* BMLTiOSLibCommunicationHandler.swift in Sources */,
				D4131A9A24D5AD89002A1520 /* NewMeetingViewController.swift in Sources */,
				D4131A9424D5AD89002A1520 /* BaseTestViewController.swift in Sources */,
				D4131A1F24D5ACCD002A1520 /* BMLTiOSLibFormatNode.swift in Sources */,
				D4131A2024D5ACCD002A1520 /* BMLTiOSLibMeetingNode.swift in Sources */,
				D4131A2324D5ACCD002A1520 /* BMLTiOSLibMeetingNodeSimpleDictionaryElement.swift in Sources */,
			);
			runOnlyForDeploymentPostprocessing = 0;
		};
		77DBD7931FDEAEEB008F110F /* Sources */ = {
			isa = PBXSourcesBuildPhase;
			buildActionMask = 2147483647;
			files = (
				D4131A1524D5AC8D002A1520 /* BMLTiOSLibEditableMeetingNode.swift in Sources */,
				D4131A1924D5AC8D002A1520 /* BMLTCommunicator.swift in Sources */,
				D4131A1A24D5AC8D002A1520 /* BMLTiOSLib.swift in Sources */,
				D4131A1624D5AC8D002A1520 /* BMLTiOSLibServerLang.swift in Sources */,
				D4131A0C24D5AC8D002A1520 /* BMLTiOSLibServiceBodyContainer.swift in Sources */,
				D4131A1224D5AC8D002A1520 /* BMLTiOSLibServerInfo.swift in Sources */,
				D4131A0E24D5AC8D002A1520 /* BMLTiOSLibHierarchicalServiceBodyNode.swift in Sources */,
				D4131A1124D5AC8D002A1520 /* BMLTiOSLibMeetingNode.swift in Sources */,
				D4131A1024D5AC8D002A1520 /* BMLTiOSLibFormatNode.swift in Sources */,
				D4131A1424D5AC8D002A1520 /* BMLTiOSLibMeetingNodeSimpleDictionaryElement.swift in Sources */,
				D4131A0F24D5AC8D002A1520 /* BMLTiOSLibChangeNode.swift in Sources */,
				D4131A0D24D5AC8D002A1520 /* BMLTiOSLibChangedMeeting.swift in Sources */,
				D4131A1324D5AC8D002A1520 /* BMLTiOSLibFormatContainer.swift in Sources */,
				D4131A1724D5AC8D002A1520 /* BMLTiOSLibSearchCriteria.swift in Sources */,
				D4131A1824D5AC8D002A1520 /* BMLTiOSLibCommunicationHandler.swift in Sources */,
			);
			runOnlyForDeploymentPostprocessing = 0;
		};
		77DBD7AA1FDEB010008F110F /* Sources */ = {
			isa = PBXSourcesBuildPhase;
			buildActionMask = 2147483647;
			files = (
				D4131A8924D5AD89002A1520 /* ConnectViewController.swift in Sources */,
				D4131A9324D5AD89002A1520 /* BaseTestViewController.swift in Sources */,
				D4131A5F24D5AD89002A1520 /* BMLTiOSTesterMarker.swift in Sources */,
				D4131A9524D5AD89002A1520 /* MeetingSearchResultsViewController.swift in Sources */,
				D4131A8F24D5AD89002A1520 /* FormatSearchResultsViewController.swift in Sources */,
				D4131A8524D5AD89002A1520 /* AllChangesListViewController.swift in Sources */,
				D4131A8724D5AD89002A1520 /* SearchViewController.swift in Sources */,
				D4131A8B24D5AD89002A1520 /* ChangeListViewController.swift in Sources */,
				D4131A8324D5AD89002A1520 /* BMLTiOSLibCheckbox.swift in Sources */,
				D4131A9124D5AD89002A1520 /* SendMessageViewController.swift in Sources */,
				D4131A9D24D5AD89002A1520 /* BMLTiOSLibTesterAppDelegate.swift in Sources */,
				D4131A9724D5AD89002A1520 /* SingleMeetingViewController.swift in Sources */,
				D4131A9B24D5AD89002A1520 /* TestTabController.swift in Sources */,
				D4131A9924D5AD89002A1520 /* NewMeetingViewController.swift in Sources */,
				D4131A8D24D5AD89002A1520 /* DetailedInfoController.swift in Sources */,
			);
			runOnlyForDeploymentPostprocessing = 0;
		};
/* End PBXSourcesBuildPhase section */

/* Begin PBXTargetDependency section */
		77DBD8171FDEB08B008F110F /* PBXTargetDependency */ = {
			isa = PBXTargetDependency;
			target = 77DBD7971FDEAEEB008F110F /* BMLTiOSLib */;
			targetProxy = 77DBD8161FDEB08B008F110F /* PBXContainerItemProxy */;
		};
/* End PBXTargetDependency section */

/* Begin PBXVariantGroup section */
		D4131A2F24D5AD89002A1520 /* SearchStringCell.xib */ = {
			isa = PBXVariantGroup;
			children = (
				D4131A3024D5AD89002A1520 /* Base */,
			);
			name = SearchStringCell.xib;
			sourceTree = "<group>";
		};
		D4131A3124D5AD89002A1520 /* LaunchScreen.storyboard */ = {
			isa = PBXVariantGroup;
			children = (
				D4131A3224D5AD89002A1520 /* Base */,
			);
			name = LaunchScreen.storyboard;
			sourceTree = "<group>";
		};
		D4131A3324D5AD89002A1520 /* SearchFormatCell.xib */ = {
			isa = PBXVariantGroup;
			children = (
				D4131A3424D5AD89002A1520 /* Base */,
			);
			name = SearchFormatCell.xib;
			sourceTree = "<group>";
		};
		D4131A3524D5AD89002A1520 /* DetailFormatCell.xib */ = {
			isa = PBXVariantGroup;
			children = (
				D4131A3624D5AD89002A1520 /* Base */,
			);
			name = DetailFormatCell.xib;
			sourceTree = "<group>";
		};
		D4131A3724D5AD89002A1520 /* SearchByStartTimeAndEndTimeCellView.xib */ = {
			isa = PBXVariantGroup;
			children = (
				D4131A3824D5AD89002A1520 /* Base */,
			);
			name = SearchByStartTimeAndEndTimeCellView.xib;
			sourceTree = "<group>";
		};
		D4131A3924D5AD89002A1520 /* SingleMeetingMapDisplayCellView.xib */ = {
			isa = PBXVariantGroup;
			children = (
				D4131A3A24D5AD89002A1520 /* Base */,
			);
			name = SingleMeetingMapDisplayCellView.xib;
			sourceTree = "<group>";
		};
		D4131A3B24D5AD89002A1520 /* SearchWeekdaysCell.xib */ = {
			isa = PBXVariantGroup;
			children = (
				D4131A3C24D5AD89002A1520 /* Base */,
			);
			name = SearchWeekdaysCell.xib;
			sourceTree = "<group>";
		};
		D4131A3D24D5AD89002A1520 /* DetailLocationMapCell.xib */ = {
			isa = PBXVariantGroup;
			children = (
				D4131A3E24D5AD89002A1520 /* Base */,
			);
			name = DetailLocationMapCell.xib;
			sourceTree = "<group>";
		};
		D4131A3F24D5AD89002A1520 /* DetailLoginTableCellView.xib */ = {
			isa = PBXVariantGroup;
			children = (
				D4131A4024D5AD89002A1520 /* Base */,
			);
			name = DetailLoginTableCellView.xib;
			sourceTree = "<group>";
		};
		D4131A4124D5AD89002A1520 /* SearchViewControllerMapView.xib */ = {
			isa = PBXVariantGroup;
			children = (
				D4131A4224D5AD89002A1520 /* Base */,
			);
			name = SearchViewControllerMapView.xib;
			sourceTree = "<group>";
		};
		D4131A4324D5AD89002A1520 /* Main.storyboard */ = {
			isa = PBXVariantGroup;
			children = (
				D4131A4424D5AD89002A1520 /* Base */,
			);
			name = Main.storyboard;
			sourceTree = "<group>";
		};
		D4131A4524D5AD89002A1520 /* SearchMeetingDurationCellView.xib */ = {
			isa = PBXVariantGroup;
			children = (
				D4131A4624D5AD89002A1520 /* Base */,
			);
			name = SearchMeetingDurationCellView.xib;
			sourceTree = "<group>";
		};
		D4131A4724D5AD89002A1520 /* Default-568h@2x.png */ = {
			isa = PBXVariantGroup;
			children = (
				D4131A4824D5AD89002A1520 /* Base */,
			);
			name = "Default-568h@2x.png";
			sourceTree = "<group>";
		};
		D4131A4924D5AD89002A1520 /* SearchServiceBodyCell.xib */ = {
			isa = PBXVariantGroup;
			children = (
				D4131A4A24D5AD89002A1520 /* Base */,
			);
			name = SearchServiceBodyCell.xib;
			sourceTree = "<group>";
		};
		D4131A4B24D5AD89002A1520 /* MeetingSearchResultsTableCell.xib */ = {
			isa = PBXVariantGroup;
			children = (
				D4131A4C24D5AD89002A1520 /* Base */,
			);
			name = MeetingSearchResultsTableCell.xib;
			sourceTree = "<group>";
		};
		D4131A4D24D5AD89002A1520 /* SearchRadiusCell.xib */ = {
			isa = PBXVariantGroup;
			children = (
				D4131A4E24D5AD89002A1520 /* Base */,
			);
			name = SearchRadiusCell.xib;
			sourceTree = "<group>";
		};
/* End PBXVariantGroup section */

/* Begin XCBuildConfiguration section */
		772570CB1FDF12C400297473 /* Debug */ = {
			isa = XCBuildConfiguration;
			buildSettings = {
				ASSETCATALOG_COMPILER_APPICON_NAME = AppIcon;
				CODE_SIGN_STYLE = Automatic;
				DEVELOPMENT_TEAM = P53V4JS928;
				GCC_PREPROCESSOR_DEFINITIONS = (
					"$(inherited)",
					"DIRECT=1",
				);
				INFOPLIST_FILE = Tests/Info.plist;
				LD_RUNPATH_SEARCH_PATHS = (
					"$(inherited)",
					"@executable_path/Frameworks",
				);
				MARKETING_VERSION = 1.2.20;
				PRODUCT_BUNDLE_IDENTIFIER = "net.magshare.bmlt.BMLTiOSLib-Test-Harness";
				PRODUCT_NAME = "$(TARGET_NAME)";
				SWIFT_ACTIVE_COMPILATION_CONDITIONS = "DEBUG DIRECT";
				SWIFT_VERSION = 5.0;
				TARGETED_DEVICE_FAMILY = "1,2";
			};
			name = Debug;
		};
		772570CC1FDF12C400297473 /* Release */ = {
			isa = XCBuildConfiguration;
			buildSettings = {
				ASSETCATALOG_COMPILER_APPICON_NAME = AppIcon;
				CODE_SIGN_STYLE = Automatic;
				DEVELOPMENT_TEAM = P53V4JS928;
				GCC_PREPROCESSOR_DEFINITIONS = "DIRECT=1";
				INFOPLIST_FILE = Tests/Info.plist;
				LD_RUNPATH_SEARCH_PATHS = (
					"$(inherited)",
					"@executable_path/Frameworks",
				);
				MARKETING_VERSION = 1.2.20;
				PRODUCT_BUNDLE_IDENTIFIER = "net.magshare.bmlt.BMLTiOSLib-Test-Harness";
				PRODUCT_NAME = "$(TARGET_NAME)";
				SWIFT_ACTIVE_COMPILATION_CONDITIONS = DIRECT;
				SWIFT_VERSION = 5.0;
				TARGETED_DEVICE_FAMILY = "1,2";
			};
			name = Release;
		};
		77DBD79E1FDEAEEB008F110F /* Debug */ = {
			isa = XCBuildConfiguration;
			baseConfigurationReference = D430B2D624A77D56001F2019 /* Warnings.xcconfig */;
			buildSettings = {
				ALWAYS_SEARCH_USER_PATHS = NO;
				CLANG_ANALYZER_NONNULL = YES;
				CLANG_ANALYZER_NUMBER_OBJECT_CONVERSION = YES_AGGRESSIVE;
				CLANG_CXX_LANGUAGE_STANDARD = "gnu++14";
				CLANG_CXX_LIBRARY = "libc++";
				CLANG_ENABLE_MODULES = YES;
				CLANG_ENABLE_OBJC_ARC = YES;
				CLANG_WARN_BLOCK_CAPTURE_AUTORELEASING = YES;
				CLANG_WARN_BOOL_CONVERSION = YES;
				CLANG_WARN_COMMA = YES;
				CLANG_WARN_CONSTANT_CONVERSION = YES;
				CLANG_WARN_DEPRECATED_OBJC_IMPLEMENTATIONS = YES;
				CLANG_WARN_DIRECT_OBJC_ISA_USAGE = YES_ERROR;
				CLANG_WARN_DOCUMENTATION_COMMENTS = YES;
				CLANG_WARN_EMPTY_BODY = YES;
				CLANG_WARN_ENUM_CONVERSION = YES;
				CLANG_WARN_INFINITE_RECURSION = YES;
				CLANG_WARN_INT_CONVERSION = YES;
				CLANG_WARN_NON_LITERAL_NULL_CONVERSION = YES;
				CLANG_WARN_OBJC_IMPLICIT_RETAIN_SELF = YES;
				CLANG_WARN_OBJC_LITERAL_CONVERSION = YES;
				CLANG_WARN_OBJC_ROOT_CLASS = YES_ERROR;
				CLANG_WARN_RANGE_LOOP_ANALYSIS = YES;
				CLANG_WARN_STRICT_PROTOTYPES = YES;
				CLANG_WARN_SUSPICIOUS_MOVE = YES;
				CLANG_WARN_UNGUARDED_AVAILABILITY = YES_AGGRESSIVE;
				CLANG_WARN_UNREACHABLE_CODE = YES;
				CLANG_WARN__DUPLICATE_METHOD_MATCH = YES;
				CODE_SIGN_IDENTITY = "iPhone Developer";
				COPY_PHASE_STRIP = NO;
				CURRENT_PROJECT_VERSION = 1;
				DEBUG_INFORMATION_FORMAT = dwarf;
				ENABLE_STRICT_OBJC_MSGSEND = YES;
				ENABLE_TESTABILITY = YES;
				GCC_C_LANGUAGE_STANDARD = gnu11;
				GCC_DYNAMIC_NO_PIC = NO;
				GCC_NO_COMMON_BLOCKS = YES;
				GCC_OPTIMIZATION_LEVEL = 0;
				GCC_PREPROCESSOR_DEFINITIONS = (
					"DEBUG=1",
					"$(inherited)",
				);
				GCC_WARN_64_TO_32_BIT_CONVERSION = YES;
				GCC_WARN_ABOUT_RETURN_TYPE = YES_ERROR;
				GCC_WARN_UNDECLARED_SELECTOR = YES;
				GCC_WARN_UNINITIALIZED_AUTOS = YES_AGGRESSIVE;
				GCC_WARN_UNUSED_FUNCTION = YES;
				GCC_WARN_UNUSED_VARIABLE = YES;
				IPHONEOS_DEPLOYMENT_TARGET = 11.0;
				MTL_ENABLE_DEBUG_INFO = YES;
				ONLY_ACTIVE_ARCH = YES;
				SDKROOT = iphoneos;
				SWIFT_ACTIVE_COMPILATION_CONDITIONS = DEBUG;
				SWIFT_OPTIMIZATION_LEVEL = "-Onone";
				SWIFT_VERSION = 4.2;
				VERSIONING_SYSTEM = "apple-generic";
				VERSION_INFO_PREFIX = "";
			};
			name = Debug;
		};
		77DBD79F1FDEAEEB008F110F /* Release */ = {
			isa = XCBuildConfiguration;
			baseConfigurationReference = D430B2D624A77D56001F2019 /* Warnings.xcconfig */;
			buildSettings = {
				ALWAYS_SEARCH_USER_PATHS = NO;
				CLANG_ANALYZER_NONNULL = YES;
				CLANG_ANALYZER_NUMBER_OBJECT_CONVERSION = YES_AGGRESSIVE;
				CLANG_CXX_LANGUAGE_STANDARD = "gnu++14";
				CLANG_CXX_LIBRARY = "libc++";
				CLANG_ENABLE_MODULES = YES;
				CLANG_ENABLE_OBJC_ARC = YES;
				CLANG_WARN_BLOCK_CAPTURE_AUTORELEASING = YES;
				CLANG_WARN_BOOL_CONVERSION = YES;
				CLANG_WARN_COMMA = YES;
				CLANG_WARN_CONSTANT_CONVERSION = YES;
				CLANG_WARN_DEPRECATED_OBJC_IMPLEMENTATIONS = YES;
				CLANG_WARN_DIRECT_OBJC_ISA_USAGE = YES_ERROR;
				CLANG_WARN_DOCUMENTATION_COMMENTS = YES;
				CLANG_WARN_EMPTY_BODY = YES;
				CLANG_WARN_ENUM_CONVERSION = YES;
				CLANG_WARN_INFINITE_RECURSION = YES;
				CLANG_WARN_INT_CONVERSION = YES;
				CLANG_WARN_NON_LITERAL_NULL_CONVERSION = YES;
				CLANG_WARN_OBJC_IMPLICIT_RETAIN_SELF = YES;
				CLANG_WARN_OBJC_LITERAL_CONVERSION = YES;
				CLANG_WARN_OBJC_ROOT_CLASS = YES_ERROR;
				CLANG_WARN_RANGE_LOOP_ANALYSIS = YES;
				CLANG_WARN_STRICT_PROTOTYPES = YES;
				CLANG_WARN_SUSPICIOUS_MOVE = YES;
				CLANG_WARN_UNGUARDED_AVAILABILITY = YES_AGGRESSIVE;
				CLANG_WARN_UNREACHABLE_CODE = YES;
				CLANG_WARN__DUPLICATE_METHOD_MATCH = YES;
				CODE_SIGN_IDENTITY = "iPhone Developer";
				COPY_PHASE_STRIP = NO;
				CURRENT_PROJECT_VERSION = 1;
				DEBUG_INFORMATION_FORMAT = "dwarf-with-dsym";
				ENABLE_NS_ASSERTIONS = NO;
				ENABLE_STRICT_OBJC_MSGSEND = YES;
				GCC_C_LANGUAGE_STANDARD = gnu11;
				GCC_NO_COMMON_BLOCKS = YES;
				GCC_WARN_64_TO_32_BIT_CONVERSION = YES;
				GCC_WARN_ABOUT_RETURN_TYPE = YES_ERROR;
				GCC_WARN_UNDECLARED_SELECTOR = YES;
				GCC_WARN_UNINITIALIZED_AUTOS = YES_AGGRESSIVE;
				GCC_WARN_UNUSED_FUNCTION = YES;
				GCC_WARN_UNUSED_VARIABLE = YES;
				IPHONEOS_DEPLOYMENT_TARGET = 11.0;
				MTL_ENABLE_DEBUG_INFO = NO;
				SDKROOT = iphoneos;
				SWIFT_COMPILATION_MODE = wholemodule;
				SWIFT_OPTIMIZATION_LEVEL = "-O";
				SWIFT_VERSION = 4.2;
				VALIDATE_PRODUCT = YES;
				VERSIONING_SYSTEM = "apple-generic";
				VERSION_INFO_PREFIX = "";
			};
			name = Release;
		};
		77DBD7A11FDEAEEB008F110F /* Debug */ = {
			isa = XCBuildConfiguration;
			buildSettings = {
				CODE_SIGN_IDENTITY = "";
				"CODE_SIGN_IDENTITY[sdk=iphoneos*]" = "";
				CODE_SIGN_STYLE = Automatic;
				DEFINES_MODULE = YES;
				DEVELOPMENT_TEAM = P53V4JS928;
				DYLIB_COMPATIBILITY_VERSION = 1;
				DYLIB_CURRENT_VERSION = 1;
				DYLIB_INSTALL_NAME_BASE = "@rpath";
				INFOPLIST_FILE = Sources/Info.plist;
				INSTALL_PATH = "$(LOCAL_LIBRARY_DIR)/Frameworks";
				LD_RUNPATH_SEARCH_PATHS = (
					"$(inherited)",
					"@executable_path/Frameworks",
					"@loader_path/Frameworks",
				);
				MARKETING_VERSION = 1.2.20;
				PRODUCT_BUNDLE_IDENTIFIER = net.magshare.bmlt.BMLTiOSLib;
				PRODUCT_NAME = "$(TARGET_NAME:c99extidentifier)";
				SKIP_INSTALL = YES;
				SWIFT_VERSION = 5.0;
				TARGETED_DEVICE_FAMILY = "1,2";
			};
			name = Debug;
		};
		77DBD7A21FDEAEEB008F110F /* Release */ = {
			isa = XCBuildConfiguration;
			buildSettings = {
				CODE_SIGN_IDENTITY = "";
				CODE_SIGN_STYLE = Automatic;
				DEFINES_MODULE = YES;
				DEVELOPMENT_TEAM = P53V4JS928;
				DYLIB_COMPATIBILITY_VERSION = 1;
				DYLIB_CURRENT_VERSION = 1;
				DYLIB_INSTALL_NAME_BASE = "@rpath";
				INFOPLIST_FILE = Sources/Info.plist;
				INSTALL_PATH = "$(LOCAL_LIBRARY_DIR)/Frameworks";
				LD_RUNPATH_SEARCH_PATHS = (
					"$(inherited)",
					"@executable_path/Frameworks",
					"@loader_path/Frameworks",
				);
				MARKETING_VERSION = 1.2.20;
				PRODUCT_BUNDLE_IDENTIFIER = net.magshare.bmlt.BMLTiOSLib;
				PRODUCT_NAME = "$(TARGET_NAME:c99extidentifier)";
				SKIP_INSTALL = YES;
				SWIFT_VERSION = 5.0;
				TARGETED_DEVICE_FAMILY = "1,2";
			};
			name = Release;
		};
		77DBD7BE1FDEB010008F110F /* Debug */ = {
			isa = XCBuildConfiguration;
			buildSettings = {
				ALWAYS_EMBED_SWIFT_STANDARD_LIBRARIES = YES;
				ASSETCATALOG_COMPILER_APPICON_NAME = AppIcon;
				CODE_SIGN_STYLE = Automatic;
				DEVELOPMENT_TEAM = P53V4JS928;
				INFOPLIST_FILE = Tests/Info.plist;
				LD_RUNPATH_SEARCH_PATHS = (
					"$(inherited)",
					"@executable_path/Frameworks",
				);
				MARKETING_VERSION = 1.2.20;
				PRODUCT_BUNDLE_IDENTIFIER = "net.magshare.bmlt.BMLTiOSLib-Test-Harness";
				PRODUCT_NAME = "$(TARGET_NAME)";
				SWIFT_VERSION = 5.0;
				TARGETED_DEVICE_FAMILY = "1,2";
			};
			name = Debug;
		};
		77DBD7BF1FDEB010008F110F /* Release */ = {
			isa = XCBuildConfiguration;
			buildSettings = {
				ALWAYS_EMBED_SWIFT_STANDARD_LIBRARIES = YES;
				ASSETCATALOG_COMPILER_APPICON_NAME = AppIcon;
				CODE_SIGN_STYLE = Automatic;
				DEVELOPMENT_TEAM = P53V4JS928;
				INFOPLIST_FILE = Tests/Info.plist;
				LD_RUNPATH_SEARCH_PATHS = (
					"$(inherited)",
					"@executable_path/Frameworks",
				);
				MARKETING_VERSION = 1.2.20;
				PRODUCT_BUNDLE_IDENTIFIER = "net.magshare.bmlt.BMLTiOSLib-Test-Harness";
				PRODUCT_NAME = "$(TARGET_NAME)";
				SWIFT_VERSION = 5.0;
				TARGETED_DEVICE_FAMILY = "1,2";
			};
			name = Release;
		};
/* End XCBuildConfiguration section */

/* Begin XCConfigurationList section */
		772570CA1FDF12C400297473 /* Build configuration list for PBXNativeTarget "BMLTiOSLib Test Harness (Direct)" */ = {
			isa = XCConfigurationList;
			buildConfigurations = (
				772570CB1FDF12C400297473 /* Debug */,
				772570CC1FDF12C400297473 /* Release */,
			);
			defaultConfigurationIsVisible = 0;
			defaultConfigurationName = Release;
		};
		77DBD7921FDEAEEB008F110F /* Build configuration list for PBXProject "BMLTiOSLib" */ = {
			isa = XCConfigurationList;
			buildConfigurations = (
				77DBD79E1FDEAEEB008F110F /* Debug */,
				77DBD79F1FDEAEEB008F110F /* Release */,
			);
			defaultConfigurationIsVisible = 0;
			defaultConfigurationName = Release;
		};
		77DBD7A01FDEAEEB008F110F /* Build configuration list for PBXNativeTarget "BMLTiOSLib" */ = {
			isa = XCConfigurationList;
			buildConfigurations = (
				77DBD7A11FDEAEEB008F110F /* Debug */,
				77DBD7A21FDEAEEB008F110F /* Release */,
			);
			defaultConfigurationIsVisible = 0;
			defaultConfigurationName = Release;
		};
		77DBD7BD1FDEB010008F110F /* Build configuration list for PBXNativeTarget "BMLTiOSLib Test Harness" */ = {
			isa = XCConfigurationList;
			buildConfigurations = (
				77DBD7BE1FDEB010008F110F /* Debug */,
				77DBD7BF1FDEB010008F110F /* Release */,
			);
			defaultConfigurationIsVisible = 0;
			defaultConfigurationName = Release;
		};
/* End XCConfigurationList section */
	};
	rootObject = 77DBD78F1FDEAEEB008F110F /* Project object */;
}
