// !$*UTF8*$!
{
	archiveVersion = 1;
	classes = {
	};
	objectVersion = 48;
	objects = {

/* Begin PBXBuildFile section */
		607FACDB1AFB9204008FA782 /* Main.storyboard in Resources */ = {isa = PBXBuildFile; fileRef = 607FACD91AFB9204008FA782 /* Main.storyboard */; };
		77DBE3AD1FBAFFBF00953548 /* SearchViewController.swift in Sources */ = {isa = PBXBuildFile; fileRef = 77DBE39D1FBAFFBE00953548 /* SearchViewController.swift */; };
		77DBE3AE1FBAFFBF00953548 /* BMLTiOSLibTesterAppDelegate.swift in Sources */ = {isa = PBXBuildFile; fileRef = 77DBE39E1FBAFFBE00953548 /* BMLTiOSLibTesterAppDelegate.swift */; };
		77DBE3AF1FBAFFBF00953548 /* BaseTestViewController.swift in Sources */ = {isa = PBXBuildFile; fileRef = 77DBE39F1FBAFFBE00953548 /* BaseTestViewController.swift */; };
		77DBE3B01FBAFFBF00953548 /* DetailedInfoController.swift in Sources */ = {isa = PBXBuildFile; fileRef = 77DBE3A01FBAFFBE00953548 /* DetailedInfoController.swift */; };
		77DBE3B11FBAFFBF00953548 /* ChangeListViewController.swift in Sources */ = {isa = PBXBuildFile; fileRef = 77DBE3A11FBAFFBE00953548 /* ChangeListViewController.swift */; };
		77DBE3B21FBAFFBF00953548 /* SendMessageViewController.swift in Sources */ = {isa = PBXBuildFile; fileRef = 77DBE3A21FBAFFBF00953548 /* SendMessageViewController.swift */; };
		77DBE3B31FBAFFBF00953548 /* AllChangesListViewController.swift in Sources */ = {isa = PBXBuildFile; fileRef = 77DBE3A31FBAFFBF00953548 /* AllChangesListViewController.swift */; };
		77DBE3B41FBAFFBF00953548 /* BMLTiOSLibCheckbox.swift in Sources */ = {isa = PBXBuildFile; fileRef = 77DBE3A41FBAFFBF00953548 /* BMLTiOSLibCheckbox.swift */; };
		77DBE3B51FBAFFBF00953548 /* BMLTiOSTesterMarker.swift in Sources */ = {isa = PBXBuildFile; fileRef = 77DBE3A51FBAFFBF00953548 /* BMLTiOSTesterMarker.swift */; };
		77DBE3B61FBAFFBF00953548 /* FormatSearchResultsViewController.swift in Sources */ = {isa = PBXBuildFile; fileRef = 77DBE3A61FBAFFBF00953548 /* FormatSearchResultsViewController.swift */; };
		77DBE3B71FBAFFBF00953548 /* MeetingSearchResultsViewController.swift in Sources */ = {isa = PBXBuildFile; fileRef = 77DBE3A71FBAFFBF00953548 /* MeetingSearchResultsViewController.swift */; };
		77DBE3B81FBAFFBF00953548 /* Assets.xcassets in Resources */ = {isa = PBXBuildFile; fileRef = 77DBE3A81FBAFFBF00953548 /* Assets.xcassets */; };
		77DBE3B91FBAFFBF00953548 /* NewMeetingViewController.swift in Sources */ = {isa = PBXBuildFile; fileRef = 77DBE3A91FBAFFBF00953548 /* NewMeetingViewController.swift */; };
		77DBE3BA1FBAFFBF00953548 /* ConnectViewController.swift in Sources */ = {isa = PBXBuildFile; fileRef = 77DBE3AA1FBAFFBF00953548 /* ConnectViewController.swift */; };
		77DBE3BB1FBAFFBF00953548 /* SingleMeetingViewController.swift in Sources */ = {isa = PBXBuildFile; fileRef = 77DBE3AB1FBAFFBF00953548 /* SingleMeetingViewController.swift */; };
		77DBE3BC1FBAFFBF00953548 /* TestTabController.swift in Sources */ = {isa = PBXBuildFile; fileRef = 77DBE3AC1FBAFFBF00953548 /* TestTabController.swift */; };
		77DBE3BF1FBB01A900953548 /* Default-568h@2x.png in Resources */ = {isa = PBXBuildFile; fileRef = 77DBE3BD1FBB01A900953548 /* Default-568h@2x.png */; };
		77DBE3DC1FBB169100953548 /* LaunchScreen.storyboard in Resources */ = {isa = PBXBuildFile; fileRef = 77DBE3C01FBB168F00953548 /* LaunchScreen.storyboard */; };
		77DBE3DD1FBB169100953548 /* SingleMeetingMapDisplayCellView.xib in Resources */ = {isa = PBXBuildFile; fileRef = 77DBE3C21FBB168F00953548 /* SingleMeetingMapDisplayCellView.xib */; };
		77DBE3DE1FBB169100953548 /* SearchViewControllerMapView.xib in Resources */ = {isa = PBXBuildFile; fileRef = 77DBE3C41FBB168F00953548 /* SearchViewControllerMapView.xib */; };
		77DBE3DF1FBB169100953548 /* MeetingSearchResultsTableCell.xib in Resources */ = {isa = PBXBuildFile; fileRef = 77DBE3C61FBB168F00953548 /* MeetingSearchResultsTableCell.xib */; };
		77DBE3E01FBB169100953548 /* DetailFormatCell.xib in Resources */ = {isa = PBXBuildFile; fileRef = 77DBE3C81FBB168F00953548 /* DetailFormatCell.xib */; };
		77DBE3E11FBB169100953548 /* DetailLoginTableCellView.xib in Resources */ = {isa = PBXBuildFile; fileRef = 77DBE3CA1FBB169000953548 /* DetailLoginTableCellView.xib */; };
		77DBE3E21FBB169100953548 /* SearchMeetingDurationCellView.xib in Resources */ = {isa = PBXBuildFile; fileRef = 77DBE3CC1FBB169000953548 /* SearchMeetingDurationCellView.xib */; };
		77DBE3E31FBB169100953548 /* SearchFormatCell.xib in Resources */ = {isa = PBXBuildFile; fileRef = 77DBE3CE1FBB169000953548 /* SearchFormatCell.xib */; };
		77DBE3E41FBB169100953548 /* SearchRadiusCell.xib in Resources */ = {isa = PBXBuildFile; fileRef = 77DBE3D01FBB169000953548 /* SearchRadiusCell.xib */; };
		77DBE3E51FBB169100953548 /* SearchServiceBodyCell.xib in Resources */ = {isa = PBXBuildFile; fileRef = 77DBE3D21FBB169000953548 /* SearchServiceBodyCell.xib */; };
		77DBE3E61FBB169100953548 /* SearchWeekdaysCell.xib in Resources */ = {isa = PBXBuildFile; fileRef = 77DBE3D41FBB169000953548 /* SearchWeekdaysCell.xib */; };
		77DBE3E71FBB169100953548 /* SearchByStartTimeAndEndTimeCellView.xib in Resources */ = {isa = PBXBuildFile; fileRef = 77DBE3D61FBB169000953548 /* SearchByStartTimeAndEndTimeCellView.xib */; };
		77DBE3E81FBB169100953548 /* DetailLocationMapCell.xib in Resources */ = {isa = PBXBuildFile; fileRef = 77DBE3D81FBB169100953548 /* DetailLocationMapCell.xib */; };
		77DBE3E91FBB169100953548 /* SearchStringCell.xib in Resources */ = {isa = PBXBuildFile; fileRef = 77DBE3DA1FBB169100953548 /* SearchStringCell.xib */; };
		B4683E1114E2E8617F240AFD /* Pods_BMLTiOSLib_Example.framework in Frameworks */ = {isa = PBXBuildFile; fileRef = AE3CEDB60F513887DD9D5580 /* Pods_BMLTiOSLib_Example.framework */; };
/* End PBXBuildFile section */

/* Begin PBXFileReference section */
		05040CEE1304AD1E7E0EBAF5 /* LICENSE */ = {isa = PBXFileReference; includeInIndex = 1; lastKnownFileType = text; name = LICENSE; path = ../LICENSE; sourceTree = "<group>"; };
		0B05D157DA799B640346F9E8 /* Pods-BMLTiOSLib_Example.debug.xcconfig */ = {isa = PBXFileReference; includeInIndex = 1; lastKnownFileType = text.xcconfig; name = "Pods-BMLTiOSLib_Example.debug.xcconfig"; path = "Pods/Target Support Files/Pods-BMLTiOSLib_Example/Pods-BMLTiOSLib_Example.debug.xcconfig"; sourceTree = "<group>"; };
		607FACD01AFB9204008FA782 /* BMLTiOSLib_Example.app */ = {isa = PBXFileReference; explicitFileType = wrapper.application; includeInIndex = 0; path = BMLTiOSLib_Example.app; sourceTree = BUILT_PRODUCTS_DIR; };
		607FACD41AFB9204008FA782 /* Info.plist */ = {isa = PBXFileReference; lastKnownFileType = text.plist.xml; path = Info.plist; sourceTree = "<group>"; };
		607FACDA1AFB9204008FA782 /* Base */ = {isa = PBXFileReference; lastKnownFileType = file.storyboard; name = Base; path = Base.lproj/Main.storyboard; sourceTree = "<group>"; };
		77C70B061FBB42DC0099B8AB /* BMLTiOSLib.podspec.json */ = {isa = PBXFileReference; lastKnownFileType = text.json; name = BMLTiOSLib.podspec.json; path = "Pods/Local Podspecs/BMLTiOSLib.podspec.json"; sourceTree = "<group>"; };
		77C70B071FBB43DA0099B8AB /* .swift-version */ = {isa = PBXFileReference; lastKnownFileType = text; name = ".swift-version"; path = "../.swift-version"; sourceTree = "<group>"; };
		77DBE39D1FBAFFBE00953548 /* SearchViewController.swift */ = {isa = PBXFileReference; fileEncoding = 4; lastKnownFileType = sourcecode.swift; path = SearchViewController.swift; sourceTree = "<group>"; };
		77DBE39E1FBAFFBE00953548 /* BMLTiOSLibTesterAppDelegate.swift */ = {isa = PBXFileReference; fileEncoding = 4; lastKnownFileType = sourcecode.swift; path = BMLTiOSLibTesterAppDelegate.swift; sourceTree = "<group>"; };
		77DBE39F1FBAFFBE00953548 /* BaseTestViewController.swift */ = {isa = PBXFileReference; fileEncoding = 4; lastKnownFileType = sourcecode.swift; path = BaseTestViewController.swift; sourceTree = "<group>"; };
		77DBE3A01FBAFFBE00953548 /* DetailedInfoController.swift */ = {isa = PBXFileReference; fileEncoding = 4; lastKnownFileType = sourcecode.swift; path = DetailedInfoController.swift; sourceTree = "<group>"; };
		77DBE3A11FBAFFBE00953548 /* ChangeListViewController.swift */ = {isa = PBXFileReference; fileEncoding = 4; lastKnownFileType = sourcecode.swift; path = ChangeListViewController.swift; sourceTree = "<group>"; };
		77DBE3A21FBAFFBF00953548 /* SendMessageViewController.swift */ = {isa = PBXFileReference; fileEncoding = 4; lastKnownFileType = sourcecode.swift; path = SendMessageViewController.swift; sourceTree = "<group>"; };
		77DBE3A31FBAFFBF00953548 /* AllChangesListViewController.swift */ = {isa = PBXFileReference; fileEncoding = 4; lastKnownFileType = sourcecode.swift; path = AllChangesListViewController.swift; sourceTree = "<group>"; };
		77DBE3A41FBAFFBF00953548 /* BMLTiOSLibCheckbox.swift */ = {isa = PBXFileReference; fileEncoding = 4; lastKnownFileType = sourcecode.swift; path = BMLTiOSLibCheckbox.swift; sourceTree = "<group>"; };
		77DBE3A51FBAFFBF00953548 /* BMLTiOSTesterMarker.swift */ = {isa = PBXFileReference; fileEncoding = 4; lastKnownFileType = sourcecode.swift; path = BMLTiOSTesterMarker.swift; sourceTree = "<group>"; };
		77DBE3A61FBAFFBF00953548 /* FormatSearchResultsViewController.swift */ = {isa = PBXFileReference; fileEncoding = 4; lastKnownFileType = sourcecode.swift; path = FormatSearchResultsViewController.swift; sourceTree = "<group>"; };
		77DBE3A71FBAFFBF00953548 /* MeetingSearchResultsViewController.swift */ = {isa = PBXFileReference; fileEncoding = 4; lastKnownFileType = sourcecode.swift; path = MeetingSearchResultsViewController.swift; sourceTree = "<group>"; };
		77DBE3A81FBAFFBF00953548 /* Assets.xcassets */ = {isa = PBXFileReference; lastKnownFileType = folder.assetcatalog; path = Assets.xcassets; sourceTree = "<group>"; };
		77DBE3A91FBAFFBF00953548 /* NewMeetingViewController.swift */ = {isa = PBXFileReference; fileEncoding = 4; lastKnownFileType = sourcecode.swift; path = NewMeetingViewController.swift; sourceTree = "<group>"; };
		77DBE3AA1FBAFFBF00953548 /* ConnectViewController.swift */ = {isa = PBXFileReference; fileEncoding = 4; lastKnownFileType = sourcecode.swift; path = ConnectViewController.swift; sourceTree = "<group>"; };
		77DBE3AB1FBAFFBF00953548 /* SingleMeetingViewController.swift */ = {isa = PBXFileReference; fileEncoding = 4; lastKnownFileType = sourcecode.swift; path = SingleMeetingViewController.swift; sourceTree = "<group>"; };
		77DBE3AC1FBAFFBF00953548 /* TestTabController.swift */ = {isa = PBXFileReference; fileEncoding = 4; lastKnownFileType = sourcecode.swift; path = TestTabController.swift; sourceTree = "<group>"; };
		77DBE3BE1FBB01A900953548 /* Base */ = {isa = PBXFileReference; lastKnownFileType = image.png; name = Base; path = "../../../old BMLTiOSLib/BMLTiOSLib Tester/Base.lproj/Default-568h@2x.png"; sourceTree = "<group>"; };
		77DBE3C11FBB168F00953548 /* Base */ = {isa = PBXFileReference; lastKnownFileType = file.storyboard; name = Base; path = Base.lproj/LaunchScreen.storyboard; sourceTree = "<group>"; };
		77DBE3C31FBB168F00953548 /* Base */ = {isa = PBXFileReference; lastKnownFileType = file.xib; name = Base; path = Base.lproj/SingleMeetingMapDisplayCellView.xib; sourceTree = "<group>"; };
		77DBE3C51FBB168F00953548 /* Base */ = {isa = PBXFileReference; lastKnownFileType = file.xib; name = Base; path = Base.lproj/SearchViewControllerMapView.xib; sourceTree = "<group>"; };
		77DBE3C71FBB168F00953548 /* Base */ = {isa = PBXFileReference; lastKnownFileType = file.xib; name = Base; path = Base.lproj/MeetingSearchResultsTableCell.xib; sourceTree = "<group>"; };
		77DBE3C91FBB168F00953548 /* Base */ = {isa = PBXFileReference; lastKnownFileType = file.xib; name = Base; path = Base.lproj/DetailFormatCell.xib; sourceTree = "<group>"; };
		77DBE3CB1FBB169000953548 /* Base */ = {isa = PBXFileReference; lastKnownFileType = file.xib; name = Base; path = Base.lproj/DetailLoginTableCellView.xib; sourceTree = "<group>"; };
		77DBE3CD1FBB169000953548 /* Base */ = {isa = PBXFileReference; lastKnownFileType = file.xib; name = Base; path = Base.lproj/SearchMeetingDurationCellView.xib; sourceTree = "<group>"; };
		77DBE3CF1FBB169000953548 /* Base */ = {isa = PBXFileReference; lastKnownFileType = file.xib; name = Base; path = Base.lproj/SearchFormatCell.xib; sourceTree = "<group>"; };
		77DBE3D11FBB169000953548 /* Base */ = {isa = PBXFileReference; lastKnownFileType = file.xib; name = Base; path = Base.lproj/SearchRadiusCell.xib; sourceTree = "<group>"; };
		77DBE3D31FBB169000953548 /* Base */ = {isa = PBXFileReference; lastKnownFileType = file.xib; name = Base; path = Base.lproj/SearchServiceBodyCell.xib; sourceTree = "<group>"; };
		77DBE3D51FBB169000953548 /* Base */ = {isa = PBXFileReference; lastKnownFileType = file.xib; name = Base; path = Base.lproj/SearchWeekdaysCell.xib; sourceTree = "<group>"; };
		77DBE3D71FBB169000953548 /* Base */ = {isa = PBXFileReference; lastKnownFileType = file.xib; name = Base; path = Base.lproj/SearchByStartTimeAndEndTimeCellView.xib; sourceTree = "<group>"; };
		77DBE3D91FBB169100953548 /* Base */ = {isa = PBXFileReference; lastKnownFileType = file.xib; name = Base; path = Base.lproj/DetailLocationMapCell.xib; sourceTree = "<group>"; };
		77DBE3DB1FBB169100953548 /* Base */ = {isa = PBXFileReference; lastKnownFileType = file.xib; name = Base; path = Base.lproj/SearchStringCell.xib; sourceTree = "<group>"; };
		8D87DD52D3D72F060F48CBA0 /* Pods-BMLTiOSLib_Example.release.xcconfig */ = {isa = PBXFileReference; includeInIndex = 1; lastKnownFileType = text.xcconfig; name = "Pods-BMLTiOSLib_Example.release.xcconfig"; path = "Pods/Target Support Files/Pods-BMLTiOSLib_Example/Pods-BMLTiOSLib_Example.release.xcconfig"; sourceTree = "<group>"; };
		AE3CEDB60F513887DD9D5580 /* Pods_BMLTiOSLib_Example.framework */ = {isa = PBXFileReference; explicitFileType = wrapper.framework; includeInIndex = 0; path = Pods_BMLTiOSLib_Example.framework; sourceTree = BUILT_PRODUCTS_DIR; };
		CE1BB9EBDF6B7B01C3074B14 /* BMLTiOSLib.podspec */ = {isa = PBXFileReference; includeInIndex = 1; lastKnownFileType = text; name = BMLTiOSLib.podspec; path = ../BMLTiOSLib.podspec; sourceTree = "<group>"; };
		D959C97FF43E4349F0427047 /* README.md */ = {isa = PBXFileReference; includeInIndex = 1; lastKnownFileType = net.daringfireball.markdown; name = README.md; path = ../README.md; sourceTree = "<group>"; };
/* End PBXFileReference section */

/* Begin PBXFrameworksBuildPhase section */
		607FACCD1AFB9204008FA782 /* Frameworks */ = {
			isa = PBXFrameworksBuildPhase;
			buildActionMask = 2147483647;
			files = (
				B4683E1114E2E8617F240AFD /* Pods_BMLTiOSLib_Example.framework in Frameworks */,
			);
			runOnlyForDeploymentPostprocessing = 0;
		};
/* End PBXFrameworksBuildPhase section */

/* Begin PBXGroup section */
		30E28E93623393D7540C2E95 /* Pods */ = {
			isa = PBXGroup;
			children = (
				0B05D157DA799B640346F9E8 /* Pods-BMLTiOSLib_Example.debug.xcconfig */,
				8D87DD52D3D72F060F48CBA0 /* Pods-BMLTiOSLib_Example.release.xcconfig */,
			);
			name = Pods;
			sourceTree = "<group>";
		};
		607FACC71AFB9204008FA782 = {
			isa = PBXGroup;
			children = (
				607FACF51AFB993E008FA782 /* Podspec Metadata */,
				607FACD21AFB9204008FA782 /* Example for BMLTiOSLib */,
				607FACD11AFB9204008FA782 /* Products */,
				30E28E93623393D7540C2E95 /* Pods */,
				7E2ADD36D7F5B3C8FF2AADA9 /* Frameworks */,
			);
			sourceTree = "<group>";
		};
		607FACD11AFB9204008FA782 /* Products */ = {
			isa = PBXGroup;
			children = (
				607FACD01AFB9204008FA782 /* BMLTiOSLib_Example.app */,
			);
			name = Products;
			sourceTree = "<group>";
		};
		607FACD21AFB9204008FA782 /* Example for BMLTiOSLib */ = {
			isa = PBXGroup;
			children = (
				77DBE3EB1FBB16B700953548 /* Source */,
				77DBE3EA1FBB169900953548 /* Resources */,
				607FACD31AFB9204008FA782 /* Supporting Files */,
			);
			name = "Example for BMLTiOSLib";
			path = BMLTiOSLib;
			sourceTree = "<group>";
		};
		607FACD31AFB9204008FA782 /* Supporting Files */ = {
			isa = PBXGroup;
			children = (
				607FACD41AFB9204008FA782 /* Info.plist */,
			);
			name = "Supporting Files";
			sourceTree = "<group>";
		};
		607FACF51AFB993E008FA782 /* Podspec Metadata */ = {
			isa = PBXGroup;
			children = (
				CE1BB9EBDF6B7B01C3074B14 /* BMLTiOSLib.podspec */,
				77C70B061FBB42DC0099B8AB /* BMLTiOSLib.podspec.json */,
				D959C97FF43E4349F0427047 /* README.md */,
				05040CEE1304AD1E7E0EBAF5 /* LICENSE */,
				77C70B071FBB43DA0099B8AB /* .swift-version */,
			);
			name = "Podspec Metadata";
			sourceTree = "<group>";
		};
		77DBE3EA1FBB169900953548 /* Resources */ = {
			isa = PBXGroup;
			children = (
				77DBE3A81FBAFFBF00953548 /* Assets.xcassets */,
				607FACD91AFB9204008FA782 /* Main.storyboard */,
				77DBE3C81FBB168F00953548 /* DetailFormatCell.xib */,
				77DBE3D81FBB169100953548 /* DetailLocationMapCell.xib */,
				77DBE3CA1FBB169000953548 /* DetailLoginTableCellView.xib */,
				77DBE3C01FBB168F00953548 /* LaunchScreen.storyboard */,
				77DBE3C61FBB168F00953548 /* MeetingSearchResultsTableCell.xib */,
				77DBE3D61FBB169000953548 /* SearchByStartTimeAndEndTimeCellView.xib */,
				77DBE3CE1FBB169000953548 /* SearchFormatCell.xib */,
				77DBE3CC1FBB169000953548 /* SearchMeetingDurationCellView.xib */,
				77DBE3D01FBB169000953548 /* SearchRadiusCell.xib */,
				77DBE3D21FBB169000953548 /* SearchServiceBodyCell.xib */,
				77DBE3DA1FBB169100953548 /* SearchStringCell.xib */,
				77DBE3C41FBB168F00953548 /* SearchViewControllerMapView.xib */,
				77DBE3D41FBB169000953548 /* SearchWeekdaysCell.xib */,
				77DBE3C21FBB168F00953548 /* SingleMeetingMapDisplayCellView.xib */,
				77DBE3BD1FBB01A900953548 /* Default-568h@2x.png */,
			);
			name = Resources;
			sourceTree = "<group>";
		};
		77DBE3EB1FBB16B700953548 /* Source */ = {
			isa = PBXGroup;
			children = (
				77DBE3A31FBAFFBF00953548 /* AllChangesListViewController.swift */,
				77DBE39F1FBAFFBE00953548 /* BaseTestViewController.swift */,
				77DBE3A41FBAFFBF00953548 /* BMLTiOSLibCheckbox.swift */,
				77DBE39E1FBAFFBE00953548 /* BMLTiOSLibTesterAppDelegate.swift */,
				77DBE3A51FBAFFBF00953548 /* BMLTiOSTesterMarker.swift */,
				77DBE3A11FBAFFBE00953548 /* ChangeListViewController.swift */,
				77DBE3AA1FBAFFBF00953548 /* ConnectViewController.swift */,
				77DBE3A01FBAFFBE00953548 /* DetailedInfoController.swift */,
				77DBE3A61FBAFFBF00953548 /* FormatSearchResultsViewController.swift */,
				77DBE3A71FBAFFBF00953548 /* MeetingSearchResultsViewController.swift */,
				77DBE3A91FBAFFBF00953548 /* NewMeetingViewController.swift */,
				77DBE39D1FBAFFBE00953548 /* SearchViewController.swift */,
				77DBE3A21FBAFFBF00953548 /* SendMessageViewController.swift */,
				77DBE3AB1FBAFFBF00953548 /* SingleMeetingViewController.swift */,
				77DBE3AC1FBAFFBF00953548 /* TestTabController.swift */,
			);
			name = Source;
			sourceTree = "<group>";
		};
		7E2ADD36D7F5B3C8FF2AADA9 /* Frameworks */ = {
			isa = PBXGroup;
			children = (
				AE3CEDB60F513887DD9D5580 /* Pods_BMLTiOSLib_Example.framework */,
			);
			name = Frameworks;
			sourceTree = "<group>";
		};
/* End PBXGroup section */

/* Begin PBXNativeTarget section */
		607FACCF1AFB9204008FA782 /* BMLTiOSLib_Example */ = {
			isa = PBXNativeTarget;
			buildConfigurationList = 607FACEF1AFB9204008FA782 /* Build configuration list for PBXNativeTarget "BMLTiOSLib_Example" */;
			buildPhases = (
				452A91FBB3610E0287B00C6C /* [CP] Check Pods Manifest.lock */,
				607FACCC1AFB9204008FA782 /* Sources */,
				607FACCD1AFB9204008FA782 /* Frameworks */,
				607FACCE1AFB9204008FA782 /* Resources */,
				D878437B5A2F2F68B9716D7F /* [CP] Embed Pods Frameworks */,
				0E4C75EE0EB8E454E9072ABF /* [CP] Copy Pods Resources */,
			);
			buildRules = (
			);
			dependencies = (
			);
			name = BMLTiOSLib_Example;
			productName = BMLTiOSLib;
			productReference = 607FACD01AFB9204008FA782 /* BMLTiOSLib_Example.app */;
			productType = "com.apple.product-type.application";
		};
/* End PBXNativeTarget section */

/* Begin PBXProject section */
		607FACC81AFB9204008FA782 /* Project object */ = {
			isa = PBXProject;
			attributes = {
				LastSwiftUpdateCheck = 0830;
				LastUpgradeCheck = 0830;
				ORGANIZATIONNAME = CocoaPods;
				TargetAttributes = {
					607FACCF1AFB9204008FA782 = {
						CreatedOnToolsVersion = 6.3.1;
						DevelopmentTeam = P53V4JS928;
						LastSwiftMigration = 0910;
					};
				};
			};
			buildConfigurationList = 607FACCB1AFB9204008FA782 /* Build configuration list for PBXProject "BMLTiOSLib" */;
			compatibilityVersion = "Xcode 8.0";
			developmentRegion = English;
			hasScannedForEncodings = 0;
			knownRegions = (
				en,
				Base,
			);
			mainGroup = 607FACC71AFB9204008FA782;
			productRefGroup = 607FACD11AFB9204008FA782 /* Products */;
			projectDirPath = "";
			projectRoot = "";
			targets = (
				607FACCF1AFB9204008FA782 /* BMLTiOSLib_Example */,
			);
		};
/* End PBXProject section */

/* Begin PBXResourcesBuildPhase section */
		607FACCE1AFB9204008FA782 /* Resources */ = {
			isa = PBXResourcesBuildPhase;
			buildActionMask = 2147483647;
			files = (
				77DBE3E71FBB169100953548 /* SearchByStartTimeAndEndTimeCellView.xib in Resources */,
				77DBE3E21FBB169100953548 /* SearchMeetingDurationCellView.xib in Resources */,
				607FACDB1AFB9204008FA782 /* Main.storyboard in Resources */,
				77DBE3E51FBB169100953548 /* SearchServiceBodyCell.xib in Resources */,
				77DBE3E81FBB169100953548 /* DetailLocationMapCell.xib in Resources */,
				77DBE3E01FBB169100953548 /* DetailFormatCell.xib in Resources */,
				77DBE3E61FBB169100953548 /* SearchWeekdaysCell.xib in Resources */,
				77DBE3E31FBB169100953548 /* SearchFormatCell.xib in Resources */,
				77DBE3DC1FBB169100953548 /* LaunchScreen.storyboard in Resources */,
				77DBE3DD1FBB169100953548 /* SingleMeetingMapDisplayCellView.xib in Resources */,
				77DBE3E11FBB169100953548 /* DetailLoginTableCellView.xib in Resources */,
				77DBE3B81FBAFFBF00953548 /* Assets.xcassets in Resources */,
				77DBE3DF1FBB169100953548 /* MeetingSearchResultsTableCell.xib in Resources */,
				77DBE3DE1FBB169100953548 /* SearchViewControllerMapView.xib in Resources */,
				77DBE3E91FBB169100953548 /* SearchStringCell.xib in Resources */,
				77DBE3BF1FBB01A900953548 /* Default-568h@2x.png in Resources */,
				77DBE3E41FBB169100953548 /* SearchRadiusCell.xib in Resources */,
			);
			runOnlyForDeploymentPostprocessing = 0;
		};
/* End PBXResourcesBuildPhase section */

/* Begin PBXShellScriptBuildPhase section */
		0E4C75EE0EB8E454E9072ABF /* [CP] Copy Pods Resources */ = {
			isa = PBXShellScriptBuildPhase;
			buildActionMask = 2147483647;
			files = (
			);
			inputPaths = (
			);
			name = "[CP] Copy Pods Resources";
			outputPaths = (
			);
			runOnlyForDeploymentPostprocessing = 0;
			shellPath = /bin/sh;
			shellScript = "\"${SRCROOT}/Pods/Target Support Files/Pods-BMLTiOSLib_Example/Pods-BMLTiOSLib_Example-resources.sh\"\n";
			showEnvVarsInLog = 0;
		};
		452A91FBB3610E0287B00C6C /* [CP] Check Pods Manifest.lock */ = {
			isa = PBXShellScriptBuildPhase;
			buildActionMask = 2147483647;
			files = (
			);
			inputPaths = (
				"${PODS_PODFILE_DIR_PATH}/Podfile.lock",
				"${PODS_ROOT}/Manifest.lock",
			);
			name = "[CP] Check Pods Manifest.lock";
			outputPaths = (
				"$(DERIVED_FILE_DIR)/Pods-BMLTiOSLib_Example-checkManifestLockResult.txt",
			);
			runOnlyForDeploymentPostprocessing = 0;
			shellPath = /bin/sh;
			shellScript = "diff \"${PODS_PODFILE_DIR_PATH}/Podfile.lock\" \"${PODS_ROOT}/Manifest.lock\" > /dev/null\nif [ $? != 0 ] ; then\n    # print error to STDERR\n    echo \"error: The sandbox is not in sync with the Podfile.lock. Run 'pod install' or update your CocoaPods installation.\" >&2\n    exit 1\nfi\n# This output is used by Xcode 'outputs' to avoid re-running this script phase.\necho \"SUCCESS\" > \"${SCRIPT_OUTPUT_FILE_0}\"\n";
			showEnvVarsInLog = 0;
		};
		D878437B5A2F2F68B9716D7F /* [CP] Embed Pods Frameworks */ = {
			isa = PBXShellScriptBuildPhase;
			buildActionMask = 2147483647;
			files = (
			);
			inputPaths = (
				"${SRCROOT}/Pods/Target Support Files/Pods-BMLTiOSLib_Example/Pods-BMLTiOSLib_Example-frameworks.sh",
				"${BUILT_PRODUCTS_DIR}/BMLTiOSLib/BMLTiOSLib.framework",
			);
			name = "[CP] Embed Pods Frameworks";
			outputPaths = (
				"${TARGET_BUILD_DIR}/${FRAMEWORKS_FOLDER_PATH}/BMLTiOSLib.framework",
			);
			runOnlyForDeploymentPostprocessing = 0;
			shellPath = /bin/sh;
			shellScript = "\"${SRCROOT}/Pods/Target Support Files/Pods-BMLTiOSLib_Example/Pods-BMLTiOSLib_Example-frameworks.sh\"\n";
			showEnvVarsInLog = 0;
		};
/* End PBXShellScriptBuildPhase section */

/* Begin PBXSourcesBuildPhase section */
		607FACCC1AFB9204008FA782 /* Sources */ = {
			isa = PBXSourcesBuildPhase;
			buildActionMask = 2147483647;
			files = (
				77DBE3B61FBAFFBF00953548 /* FormatSearchResultsViewController.swift in Sources */,
				77DBE3B11FBAFFBF00953548 /* ChangeListViewController.swift in Sources */,
				77DBE3AE1FBAFFBF00953548 /* BMLTiOSLibTesterAppDelegate.swift in Sources */,
				77DBE3B71FBAFFBF00953548 /* MeetingSearchResultsViewController.swift in Sources */,
				77DBE3BB1FBAFFBF00953548 /* SingleMeetingViewController.swift in Sources */,
				77DBE3B31FBAFFBF00953548 /* AllChangesListViewController.swift in Sources */,
				77DBE3B41FBAFFBF00953548 /* BMLTiOSLibCheckbox.swift in Sources */,
				77DBE3B51FBAFFBF00953548 /* BMLTiOSTesterMarker.swift in Sources */,
				77DBE3AD1FBAFFBF00953548 /* SearchViewController.swift in Sources */,
				77DBE3AF1FBAFFBF00953548 /* BaseTestViewController.swift in Sources */,
				77DBE3B21FBAFFBF00953548 /* SendMessageViewController.swift in Sources */,
				77DBE3BA1FBAFFBF00953548 /* ConnectViewController.swift in Sources */,
				77DBE3BC1FBAFFBF00953548 /* TestTabController.swift in Sources */,
				77DBE3B01FBAFFBF00953548 /* DetailedInfoController.swift in Sources */,
				77DBE3B91FBAFFBF00953548 /* NewMeetingViewController.swift in Sources */,
			);
			runOnlyForDeploymentPostprocessing = 0;
		};
/* End PBXSourcesBuildPhase section */

/* Begin PBXVariantGroup section */
		607FACD91AFB9204008FA782 /* Main.storyboard */ = {
			isa = PBXVariantGroup;
			children = (
				607FACDA1AFB9204008FA782 /* Base */,
			);
			name = Main.storyboard;
			sourceTree = "<group>";
		};
		77DBE3BD1FBB01A900953548 /* Default-568h@2x.png */ = {
			isa = PBXVariantGroup;
			children = (
				77DBE3BE1FBB01A900953548 /* Base */,
			);
			name = "Default-568h@2x.png";
			sourceTree = "<group>";
		};
		77DBE3C01FBB168F00953548 /* LaunchScreen.storyboard */ = {
			isa = PBXVariantGroup;
			children = (
				77DBE3C11FBB168F00953548 /* Base */,
			);
			name = LaunchScreen.storyboard;
			sourceTree = "<group>";
		};
		77DBE3C21FBB168F00953548 /* SingleMeetingMapDisplayCellView.xib */ = {
			isa = PBXVariantGroup;
			children = (
				77DBE3C31FBB168F00953548 /* Base */,
			);
			name = SingleMeetingMapDisplayCellView.xib;
			sourceTree = "<group>";
		};
		77DBE3C41FBB168F00953548 /* SearchViewControllerMapView.xib */ = {
			isa = PBXVariantGroup;
			children = (
				77DBE3C51FBB168F00953548 /* Base */,
			);
			name = SearchViewControllerMapView.xib;
			sourceTree = "<group>";
		};
		77DBE3C61FBB168F00953548 /* MeetingSearchResultsTableCell.xib */ = {
			isa = PBXVariantGroup;
			children = (
				77DBE3C71FBB168F00953548 /* Base */,
			);
			name = MeetingSearchResultsTableCell.xib;
			sourceTree = "<group>";
		};
		77DBE3C81FBB168F00953548 /* DetailFormatCell.xib */ = {
			isa = PBXVariantGroup;
			children = (
				77DBE3C91FBB168F00953548 /* Base */,
			);
			name = DetailFormatCell.xib;
			sourceTree = "<group>";
		};
		77DBE3CA1FBB169000953548 /* DetailLoginTableCellView.xib */ = {
			isa = PBXVariantGroup;
			children = (
				77DBE3CB1FBB169000953548 /* Base */,
			);
			name = DetailLoginTableCellView.xib;
			sourceTree = "<group>";
		};
		77DBE3CC1FBB169000953548 /* SearchMeetingDurationCellView.xib */ = {
			isa = PBXVariantGroup;
			children = (
				77DBE3CD1FBB169000953548 /* Base */,
			);
			name = SearchMeetingDurationCellView.xib;
			sourceTree = "<group>";
		};
		77DBE3CE1FBB169000953548 /* SearchFormatCell.xib */ = {
			isa = PBXVariantGroup;
			children = (
				77DBE3CF1FBB169000953548 /* Base */,
			);
			name = SearchFormatCell.xib;
			sourceTree = "<group>";
		};
		77DBE3D01FBB169000953548 /* SearchRadiusCell.xib */ = {
			isa = PBXVariantGroup;
			children = (
				77DBE3D11FBB169000953548 /* Base */,
			);
			name = SearchRadiusCell.xib;
			sourceTree = "<group>";
		};
		77DBE3D21FBB169000953548 /* SearchServiceBodyCell.xib */ = {
			isa = PBXVariantGroup;
			children = (
				77DBE3D31FBB169000953548 /* Base */,
			);
			name = SearchServiceBodyCell.xib;
			sourceTree = "<group>";
		};
		77DBE3D41FBB169000953548 /* SearchWeekdaysCell.xib */ = {
			isa = PBXVariantGroup;
			children = (
				77DBE3D51FBB169000953548 /* Base */,
			);
			name = SearchWeekdaysCell.xib;
			sourceTree = "<group>";
		};
		77DBE3D61FBB169000953548 /* SearchByStartTimeAndEndTimeCellView.xib */ = {
			isa = PBXVariantGroup;
			children = (
				77DBE3D71FBB169000953548 /* Base */,
			);
			name = SearchByStartTimeAndEndTimeCellView.xib;
			sourceTree = "<group>";
		};
		77DBE3D81FBB169100953548 /* DetailLocationMapCell.xib */ = {
			isa = PBXVariantGroup;
			children = (
				77DBE3D91FBB169100953548 /* Base */,
			);
			name = DetailLocationMapCell.xib;
			sourceTree = "<group>";
		};
		77DBE3DA1FBB169100953548 /* SearchStringCell.xib */ = {
			isa = PBXVariantGroup;
			children = (
				77DBE3DB1FBB169100953548 /* Base */,
			);
			name = SearchStringCell.xib;
			sourceTree = "<group>";
		};
/* End PBXVariantGroup section */

/* Begin XCBuildConfiguration section */
		607FACED1AFB9204008FA782 /* Debug */ = {
			isa = XCBuildConfiguration;
			buildSettings = {
				ALWAYS_SEARCH_USER_PATHS = NO;
				CLANG_CXX_LANGUAGE_STANDARD = "gnu++0x";
				CLANG_CXX_LIBRARY = "libc++";
				CLANG_ENABLE_MODULES = YES;
				CLANG_ENABLE_OBJC_ARC = YES;
				CLANG_WARN_BLOCK_CAPTURE_AUTORELEASING = YES;
				CLANG_WARN_BOOL_CONVERSION = YES;
				CLANG_WARN_COMMA = YES;
				CLANG_WARN_CONSTANT_CONVERSION = YES;
				CLANG_WARN_DIRECT_OBJC_ISA_USAGE = YES_ERROR;
				CLANG_WARN_EMPTY_BODY = YES;
				CLANG_WARN_ENUM_CONVERSION = YES;
				CLANG_WARN_INFINITE_RECURSION = YES;
				CLANG_WARN_INT_CONVERSION = YES;
				CLANG_WARN_NON_LITERAL_NULL_CONVERSION = YES;
				CLANG_WARN_OBJC_LITERAL_CONVERSION = YES;
				CLANG_WARN_OBJC_ROOT_CLASS = YES_ERROR;
				CLANG_WARN_RANGE_LOOP_ANALYSIS = YES;
				CLANG_WARN_STRICT_PROTOTYPES = YES;
				CLANG_WARN_SUSPICIOUS_MOVE = YES;
				CLANG_WARN_UNREACHABLE_CODE = YES;
				CLANG_WARN__DUPLICATE_METHOD_MATCH = YES;
				"CODE_SIGN_IDENTITY[sdk=iphoneos*]" = "iPhone Developer";
				COPY_PHASE_STRIP = NO;
				DEBUG_INFORMATION_FORMAT = "dwarf-with-dsym";
				ENABLE_STRICT_OBJC_MSGSEND = YES;
				ENABLE_TESTABILITY = YES;
				GCC_C_LANGUAGE_STANDARD = gnu99;
				GCC_DYNAMIC_NO_PIC = NO;
				GCC_NO_COMMON_BLOCKS = YES;
				GCC_OPTIMIZATION_LEVEL = 0;
				GCC_PREPROCESSOR_DEFINITIONS = (
					"DEBUG=1",
					"$(inherited)",
				);
				GCC_SYMBOLS_PRIVATE_EXTERN = NO;
				GCC_WARN_64_TO_32_BIT_CONVERSION = YES;
				GCC_WARN_ABOUT_RETURN_TYPE = YES_ERROR;
				GCC_WARN_UNDECLARED_SELECTOR = YES;
				GCC_WARN_UNINITIALIZED_AUTOS = YES_AGGRESSIVE;
				GCC_WARN_UNUSED_FUNCTION = YES;
				GCC_WARN_UNUSED_VARIABLE = YES;
				IPHONEOS_DEPLOYMENT_TARGET = 9.0;
				MTL_ENABLE_DEBUG_INFO = YES;
				ONLY_ACTIVE_ARCH = YES;
				SDKROOT = iphoneos;
				SWIFT_OPTIMIZATION_LEVEL = "-Onone";
			};
			name = Debug;
		};
		607FACEE1AFB9204008FA782 /* Release */ = {
			isa = XCBuildConfiguration;
			buildSettings = {
				ALWAYS_SEARCH_USER_PATHS = NO;
				CLANG_CXX_LANGUAGE_STANDARD = "gnu++0x";
				CLANG_CXX_LIBRARY = "libc++";
				CLANG_ENABLE_MODULES = YES;
				CLANG_ENABLE_OBJC_ARC = YES;
				CLANG_WARN_BLOCK_CAPTURE_AUTORELEASING = YES;
				CLANG_WARN_BOOL_CONVERSION = YES;
				CLANG_WARN_COMMA = YES;
				CLANG_WARN_CONSTANT_CONVERSION = YES;
				CLANG_WARN_DIRECT_OBJC_ISA_USAGE = YES_ERROR;
				CLANG_WARN_EMPTY_BODY = YES;
				CLANG_WARN_ENUM_CONVERSION = YES;
				CLANG_WARN_INFINITE_RECURSION = YES;
				CLANG_WARN_INT_CONVERSION = YES;
				CLANG_WARN_NON_LITERAL_NULL_CONVERSION = YES;
				CLANG_WARN_OBJC_LITERAL_CONVERSION = YES;
				CLANG_WARN_OBJC_ROOT_CLASS = YES_ERROR;
				CLANG_WARN_RANGE_LOOP_ANALYSIS = YES;
				CLANG_WARN_STRICT_PROTOTYPES = YES;
				CLANG_WARN_SUSPICIOUS_MOVE = YES;
				CLANG_WARN_UNREACHABLE_CODE = YES;
				CLANG_WARN__DUPLICATE_METHOD_MATCH = YES;
				"CODE_SIGN_IDENTITY[sdk=iphoneos*]" = "iPhone Developer";
				COPY_PHASE_STRIP = NO;
				DEBUG_INFORMATION_FORMAT = "dwarf-with-dsym";
				ENABLE_NS_ASSERTIONS = NO;
				ENABLE_STRICT_OBJC_MSGSEND = YES;
				GCC_C_LANGUAGE_STANDARD = gnu99;
				GCC_NO_COMMON_BLOCKS = YES;
				GCC_WARN_64_TO_32_BIT_CONVERSION = YES;
				GCC_WARN_ABOUT_RETURN_TYPE = YES_ERROR;
				GCC_WARN_UNDECLARED_SELECTOR = YES;
				GCC_WARN_UNINITIALIZED_AUTOS = YES_AGGRESSIVE;
				GCC_WARN_UNUSED_FUNCTION = YES;
				GCC_WARN_UNUSED_VARIABLE = YES;
				IPHONEOS_DEPLOYMENT_TARGET = 9.0;
				MTL_ENABLE_DEBUG_INFO = NO;
				SDKROOT = iphoneos;
				SWIFT_OPTIMIZATION_LEVEL = "-Owholemodule";
				VALIDATE_PRODUCT = YES;
			};
			name = Release;
		};
		607FACF01AFB9204008FA782 /* Debug */ = {
			isa = XCBuildConfiguration;
			baseConfigurationReference = 0B05D157DA799B640346F9E8 /* Pods-BMLTiOSLib_Example.debug.xcconfig */;
			buildSettings = {
				ASSETCATALOG_COMPILER_APPICON_NAME = AppIcon;
				CLANG_ENABLE_MODULES = YES;
				DEVELOPMENT_TEAM = P53V4JS928;
				GCC_TREAT_WARNINGS_AS_ERRORS = YES;
				INFOPLIST_FILE = BMLTiOSLib/Info.plist;
				LD_RUNPATH_SEARCH_PATHS = "$(inherited) @executable_path/Frameworks";
				MODULE_NAME = ExampleApp;
				PRODUCT_BUNDLE_IDENTIFIER = "org.cocoapods.demo.$(PRODUCT_NAME:rfc1034identifier)";
				PRODUCT_NAME = "$(TARGET_NAME)";
				SWIFT_INSTALL_OBJC_HEADER = NO;
				SWIFT_OBJC_BRIDGING_HEADER = "";
				SWIFT_OPTIMIZATION_LEVEL = "-Onone";
				SWIFT_PRECOMPILE_BRIDGING_HEADER = NO;
				SWIFT_SWIFT3_OBJC_INFERENCE = Default;
				SWIFT_TREAT_WARNINGS_AS_ERRORS = YES;
				SWIFT_VERSION = 4.0;
				TARGETED_DEVICE_FAMILY = "1,2";
			};
			name = Debug;
		};
		607FACF11AFB9204008FA782 /* Release */ = {
			isa = XCBuildConfiguration;
			baseConfigurationReference = 8D87DD52D3D72F060F48CBA0 /* Pods-BMLTiOSLib_Example.release.xcconfig */;
			buildSettings = {
				ASSETCATALOG_COMPILER_APPICON_NAME = AppIcon;
				CLANG_ENABLE_MODULES = YES;
				DEVELOPMENT_TEAM = P53V4JS928;
				GCC_TREAT_WARNINGS_AS_ERRORS = YES;
				INFOPLIST_FILE = BMLTiOSLib/Info.plist;
				LD_RUNPATH_SEARCH_PATHS = "$(inherited) @executable_path/Frameworks";
				MODULE_NAME = ExampleApp;
				PRODUCT_BUNDLE_IDENTIFIER = "org.cocoapods.demo.$(PRODUCT_NAME:rfc1034identifier)";
				PRODUCT_NAME = "$(TARGET_NAME)";
				SWIFT_INSTALL_OBJC_HEADER = NO;
				SWIFT_OBJC_BRIDGING_HEADER = "";
				SWIFT_PRECOMPILE_BRIDGING_HEADER = NO;
				SWIFT_SWIFT3_OBJC_INFERENCE = Default;
				SWIFT_TREAT_WARNINGS_AS_ERRORS = YES;
				SWIFT_VERSION = 4.0;
				TARGETED_DEVICE_FAMILY = "1,2";
			};
			name = Release;
		};
/* End XCBuildConfiguration section */

/* Begin XCConfigurationList section */
		607FACCB1AFB9204008FA782 /* Build configuration list for PBXProject "BMLTiOSLib" */ = {
			isa = XCConfigurationList;
			buildConfigurations = (
				607FACED1AFB9204008FA782 /* Debug */,
				607FACEE1AFB9204008FA782 /* Release */,
			);
			defaultConfigurationIsVisible = 0;
			defaultConfigurationName = Release;
		};
		607FACEF1AFB9204008FA782 /* Build configuration list for PBXNativeTarget "BMLTiOSLib_Example" */ = {
			isa = XCConfigurationList;
			buildConfigurations = (
				607FACF01AFB9204008FA782 /* Debug */,
				607FACF11AFB9204008FA782 /* Release */,
			);
			defaultConfigurationIsVisible = 0;
			defaultConfigurationName = Release;
		};
/* End XCConfigurationList section */
	};
	rootObject = 607FACC81AFB9204008FA782 /* Project object */;
}
